// !$*UTF8*$!
{
	archiveVersion = 1;
	classes = {
	};
	objectVersion = 46;
	objects = {

/* Begin PBXBuildFile section */
		21D5A3A517251E2E006F53BF /* UIKit.framework in Frameworks */ = {isa = PBXBuildFile; fileRef = 21D5A3A417251E2E006F53BF /* UIKit.framework */; };
		21D5A3A717251E2E006F53BF /* Foundation.framework in Frameworks */ = {isa = PBXBuildFile; fileRef = 21D5A3A617251E2E006F53BF /* Foundation.framework */; };
		21D5A3A917251E2E006F53BF /* CoreGraphics.framework in Frameworks */ = {isa = PBXBuildFile; fileRef = 21D5A3A817251E2E006F53BF /* CoreGraphics.framework */; };
		21D5A3B717251E2E006F53BF /* Default.png in Resources */ = {isa = PBXBuildFile; fileRef = 21D5A3B617251E2E006F53BF /* Default.png */; };
		21D5A3B917251E2E006F53BF /* Default@2x.png in Resources */ = {isa = PBXBuildFile; fileRef = 21D5A3B817251E2E006F53BF /* Default@2x.png */; };
		21D5A3BB17251E2E006F53BF /* Default-568h@2x.png in Resources */ = {isa = PBXBuildFile; fileRef = 21D5A3BA17251E2E006F53BF /* Default-568h@2x.png */; };
		21D5A41A17251F30006F53BF /* anim.c in Sources */ = {isa = PBXBuildFile; fileRef = 21D5A3C217251F30006F53BF /* anim.c */; };
		21D5A41B17251F30006F53BF /* async.c in Sources */ = {isa = PBXBuildFile; fileRef = 21D5A3C417251F30006F53BF /* async.c */; };
		21D5A41C17251F30006F53BF /* AutoRotateViewController.m in Sources */ = {isa = PBXBuildFile; fileRef = 21D5A3C717251F30006F53BF /* AutoRotateViewController.m */; };
		21D5A41D17251F30006F53BF /* camera.m in Sources */ = {isa = PBXBuildFile; fileRef = 21D5A3C917251F30006F53BF /* camera.m */; };
		21D5A41E17251F30006F53BF /* coldet.c in Sources */ = {isa = PBXBuildFile; fileRef = 21D5A3CA17251F30006F53BF /* coldet.c */; };
		21D5A41F17251F30006F53BF /* darray.c in Sources */ = {isa = PBXBuildFile; fileRef = 21D5A3CC17251F30006F53BF /* darray.c */; };
		21D5A42017251F30006F53BF /* datastruct.c in Sources */ = {isa = PBXBuildFile; fileRef = 21D5A3CE17251F30006F53BF /* datastruct.c */; };
		21D5A42117251F30006F53BF /* DGreedAppDelegate.m in Sources */ = {isa = PBXBuildFile; fileRef = 21D5A3D117251F30006F53BF /* DGreedAppDelegate.m */; };
		21D5A42217251F30006F53BF /* font.c in Sources */ = {isa = PBXBuildFile; fileRef = 21D5A3D217251F30006F53BF /* font.c */; };
		21D5A42317251F30006F53BF /* gamecenter.m in Sources */ = {isa = PBXBuildFile; fileRef = 21D5A3D517251F30006F53BF /* gamecenter.m */; };
		21D5A42417251F30006F53BF /* gfx_utils.c in Sources */ = {isa = PBXBuildFile; fileRef = 21D5A3D617251F30006F53BF /* gfx_utils.c */; };
		21D5A42517251F30006F53BF /* GLESView.m in Sources */ = {isa = PBXBuildFile; fileRef = 21D5A3D917251F30006F53BF /* GLESView.m */; };
		21D5A42617251F30006F53BF /* GLESViewController.m in Sources */ = {isa = PBXBuildFile; fileRef = 21D5A3DB17251F30006F53BF /* GLESViewController.m */; };
		21D5A42717251F30006F53BF /* gui.c in Sources */ = {isa = PBXBuildFile; fileRef = 21D5A3DC17251F30006F53BF /* gui.c */; };
		21D5A42817251F30006F53BF /* http.m in Sources */ = {isa = PBXBuildFile; fileRef = 21D5A3DF17251F30006F53BF /* http.m */; };
		21D5A42917251F30006F53BF /* iap.m in Sources */ = {isa = PBXBuildFile; fileRef = 21D5A3E117251F30006F53BF /* iap.m */; };
		21D5A42A17251F30006F53BF /* image.c in Sources */ = {isa = PBXBuildFile; fileRef = 21D5A3E217251F30006F53BF /* image.c */; };
		21D5A42B17251F30006F53BF /* keyval.c in Sources */ = {isa = PBXBuildFile; fileRef = 21D5A3E417251F30006F53BF /* keyval.c */; };
		21D5A42C17251F30006F53BF /* localization.c in Sources */ = {isa = PBXBuildFile; fileRef = 21D5A3E617251F30006F53BF /* localization.c */; };
		21D5A42D17251F30006F53BF /* lz4.c in Sources */ = {isa = PBXBuildFile; fileRef = 21D5A3E817251F30006F53BF /* lz4.c */; };
		21D5A42E17251F30006F53BF /* lz4hc.c in Sources */ = {isa = PBXBuildFile; fileRef = 21D5A3EA17251F30006F53BF /* lz4hc.c */; };
		21D5A42F17251F30006F53BF /* memlin.c in Sources */ = {isa = PBXBuildFile; fileRef = 21D5A3EC17251F30006F53BF /* memlin.c */; };
		21D5A43017251F30006F53BF /* memory.c in Sources */ = {isa = PBXBuildFile; fileRef = 21D5A3EE17251F30006F53BF /* memory.c */; };
		21D5A43117251F30006F53BF /* mempool.c in Sources */ = {isa = PBXBuildFile; fileRef = 21D5A3F017251F30006F53BF /* mempool.c */; };
		21D5A43217251F30006F53BF /* mfx.c in Sources */ = {isa = PBXBuildFile; fileRef = 21D5A3F217251F30006F53BF /* mfx.c */; };
		21D5A43417251F30006F53BF /* mml.c in Sources */ = {isa = PBXBuildFile; fileRef = 21D5A3F517251F30006F53BF /* mml.c */; };
		21D5A43517251F30006F53BF /* NSFileManager+DirectoryLocations.m in Sources */ = {isa = PBXBuildFile; fileRef = 21D5A3F817251F30006F53BF /* NSFileManager+DirectoryLocations.m */; };
		21D5A43617251F30006F53BF /* particles.c in Sources */ = {isa = PBXBuildFile; fileRef = 21D5A3F917251F30006F53BF /* particles.c */; };
		21D5A43717251F30006F53BF /* sprsheet.c in Sources */ = {isa = PBXBuildFile; fileRef = 21D5A3FC17251F30006F53BF /* sprsheet.c */; };
		21D5A43817251F30006F53BF /* sys_gfx_ios.m in Sources */ = {isa = PBXBuildFile; fileRef = 21D5A3FF17251F30006F53BF /* sys_gfx_ios.m */; };
		21D5A43917251F30006F53BF /* sys_misc_ios.m in Sources */ = {isa = PBXBuildFile; fileRef = 21D5A40117251F30006F53BF /* sys_misc_ios.m */; };
		21D5A43A17251F30006F53BF /* sys_snd_ios.m in Sources */ = {isa = PBXBuildFile; fileRef = 21D5A40217251F30006F53BF /* sys_snd_ios.m */; };
		21D5A43B17251F30006F53BF /* TextCapturerView.m in Sources */ = {isa = PBXBuildFile; fileRef = 21D5A40617251F30006F53BF /* TextCapturerView.m */; };
		21D5A43C17251F30006F53BF /* tilemap.c in Sources */ = {isa = PBXBuildFile; fileRef = 21D5A40717251F30006F53BF /* tilemap.c */; };
		21D5A43D17251F30006F53BF /* touch_ctrls.c in Sources */ = {isa = PBXBuildFile; fileRef = 21D5A40917251F30006F53BF /* touch_ctrls.c */; };
		21D5A43E17251F30006F53BF /* tweakables.c in Sources */ = {isa = PBXBuildFile; fileRef = 21D5A40B17251F30006F53BF /* tweakables.c */; };
		21D5A43F17251F30006F53BF /* uidesc.c in Sources */ = {isa = PBXBuildFile; fileRef = 21D5A40D17251F30006F53BF /* uidesc.c */; };
		21D5A44017251F30006F53BF /* UIImage+Resize.m in Sources */ = {isa = PBXBuildFile; fileRef = 21D5A41017251F30006F53BF /* UIImage+Resize.m */; };
		21D5A44117251F30006F53BF /* utils.c in Sources */ = {isa = PBXBuildFile; fileRef = 21D5A41117251F30006F53BF /* utils.c */; };
		21D5A44217251F30006F53BF /* vfont_stbtt.c in Sources */ = {isa = PBXBuildFile; fileRef = 21D5A41317251F30006F53BF /* vfont_stbtt.c */; };
		21D5A44317251F30006F53BF /* vfont.c in Sources */ = {isa = PBXBuildFile; fileRef = 21D5A41417251F30006F53BF /* vfont.c */; };
		21D5A44417251F30006F53BF /* vfs.c in Sources */ = {isa = PBXBuildFile; fileRef = 21D5A41617251F30006F53BF /* vfs.c */; };
		21D5A44517251F30006F53BF /* wav.c in Sources */ = {isa = PBXBuildFile; fileRef = 21D5A41817251F30006F53BF /* wav.c */; };
		21D5A45D17251F77006F53BF /* lua_utf8.c in Sources */ = {isa = PBXBuildFile; fileRef = 21D5A44817251F77006F53BF /* lua_utf8.c */; };
		21D5A45E17251F77006F53BF /* malka.c in Sources */ = {isa = PBXBuildFile; fileRef = 21D5A44917251F77006F53BF /* malka.c */; };
		21D5A45F17251F77006F53BF /* ml_anim.c in Sources */ = {isa = PBXBuildFile; fileRef = 21D5A44B17251F77006F53BF /* ml_anim.c */; };
		21D5A46017251F77006F53BF /* ml_coldet.c in Sources */ = {isa = PBXBuildFile; fileRef = 21D5A44C17251F77006F53BF /* ml_coldet.c */; };
		21D5A46117251F77006F53BF /* ml_gamecenter.c in Sources */ = {isa = PBXBuildFile; fileRef = 21D5A44E17251F77006F53BF /* ml_gamecenter.c */; };
		21D5A46217251F77006F53BF /* ml_http.c in Sources */ = {isa = PBXBuildFile; fileRef = 21D5A44F17251F77006F53BF /* ml_http.c */; };
		21D5A46317251F77006F53BF /* ml_iap.c in Sources */ = {isa = PBXBuildFile; fileRef = 21D5A45017251F77006F53BF /* ml_iap.c */; };
		21D5A46417251F77006F53BF /* ml_keyval.c in Sources */ = {isa = PBXBuildFile; fileRef = 21D5A45117251F77006F53BF /* ml_keyval.c */; };
		21D5A46517251F77006F53BF /* ml_localization.c in Sources */ = {isa = PBXBuildFile; fileRef = 21D5A45217251F77006F53BF /* ml_localization.c */; };
		21D5A46617251F77006F53BF /* ml_mfx.c in Sources */ = {isa = PBXBuildFile; fileRef = 21D5A45317251F77006F53BF /* ml_mfx.c */; };
		21D5A46717251F77006F53BF /* ml_mml.c in Sources */ = {isa = PBXBuildFile; fileRef = 21D5A45417251F77006F53BF /* ml_mml.c */; };
		21D5A46817251F77006F53BF /* ml_os.c in Sources */ = {isa = PBXBuildFile; fileRef = 21D5A45517251F77006F53BF /* ml_os.c */; };
		21D5A46917251F77006F53BF /* ml_sprsheet.c in Sources */ = {isa = PBXBuildFile; fileRef = 21D5A45617251F77006F53BF /* ml_sprsheet.c */; };
		21D5A46A17251F77006F53BF /* ml_states.c in Sources */ = {isa = PBXBuildFile; fileRef = 21D5A45717251F77006F53BF /* ml_states.c */; };
		21D5A46B17251F77006F53BF /* ml_system.c in Sources */ = {isa = PBXBuildFile; fileRef = 21D5A45917251F77006F53BF /* ml_system.c */; };
		21D5A46C17251F77006F53BF /* ml_utils.c in Sources */ = {isa = PBXBuildFile; fileRef = 21D5A45A17251F77006F53BF /* ml_utils.c */; };
		21D5A46D17251F77006F53BF /* profiler.c in Sources */ = {isa = PBXBuildFile; fileRef = 21D5A45B17251F77006F53BF /* profiler.c */; };
		21D5A4A417251FAD006F53BF /* bit.c in Sources */ = {isa = PBXBuildFile; fileRef = 21D5A46E17251FAD006F53BF /* bit.c */; };
		21D5A4A517251FAD006F53BF /* lapi.c in Sources */ = {isa = PBXBuildFile; fileRef = 21D5A46F17251FAD006F53BF /* lapi.c */; };
		21D5A4A617251FAD006F53BF /* lauxlib.c in Sources */ = {isa = PBXBuildFile; fileRef = 21D5A47117251FAD006F53BF /* lauxlib.c */; };
		21D5A4A717251FAD006F53BF /* lbaselib.c in Sources */ = {isa = PBXBuildFile; fileRef = 21D5A47317251FAD006F53BF /* lbaselib.c */; };
		21D5A4A817251FAD006F53BF /* lcode.c in Sources */ = {isa = PBXBuildFile; fileRef = 21D5A47417251FAD006F53BF /* lcode.c */; };
		21D5A4A917251FAD006F53BF /* ldblib.c in Sources */ = {isa = PBXBuildFile; fileRef = 21D5A47617251FAD006F53BF /* ldblib.c */; };
		21D5A4AA17251FAD006F53BF /* ldebug.c in Sources */ = {isa = PBXBuildFile; fileRef = 21D5A47717251FAD006F53BF /* ldebug.c */; };
		21D5A4AB17251FAD006F53BF /* ldo.c in Sources */ = {isa = PBXBuildFile; fileRef = 21D5A47917251FAD006F53BF /* ldo.c */; };
		21D5A4AC17251FAD006F53BF /* ldump.c in Sources */ = {isa = PBXBuildFile; fileRef = 21D5A47B17251FAD006F53BF /* ldump.c */; };
		21D5A4AD17251FAD006F53BF /* lfunc.c in Sources */ = {isa = PBXBuildFile; fileRef = 21D5A47C17251FAD006F53BF /* lfunc.c */; };
		21D5A4AE17251FAD006F53BF /* lgc.c in Sources */ = {isa = PBXBuildFile; fileRef = 21D5A47E17251FAD006F53BF /* lgc.c */; };
		21D5A4AF17251FAD006F53BF /* linit.c in Sources */ = {isa = PBXBuildFile; fileRef = 21D5A48017251FAD006F53BF /* linit.c */; };
		21D5A4B017251FAD006F53BF /* liolib.c in Sources */ = {isa = PBXBuildFile; fileRef = 21D5A48117251FAD006F53BF /* liolib.c */; };
		21D5A4B117251FAD006F53BF /* llex.c in Sources */ = {isa = PBXBuildFile; fileRef = 21D5A48217251FAD006F53BF /* llex.c */; };
		21D5A4B217251FAD006F53BF /* lmathlib.c in Sources */ = {isa = PBXBuildFile; fileRef = 21D5A48517251FAD006F53BF /* lmathlib.c */; };
		21D5A4B317251FAD006F53BF /* lmem.c in Sources */ = {isa = PBXBuildFile; fileRef = 21D5A48617251FAD006F53BF /* lmem.c */; };
		21D5A4B417251FAD006F53BF /* loadlib.c in Sources */ = {isa = PBXBuildFile; fileRef = 21D5A48817251FAD006F53BF /* loadlib.c */; };
		21D5A4B517251FAD006F53BF /* lobject.c in Sources */ = {isa = PBXBuildFile; fileRef = 21D5A48917251FAD006F53BF /* lobject.c */; };
		21D5A4B617251FAD006F53BF /* lopcodes.c in Sources */ = {isa = PBXBuildFile; fileRef = 21D5A48B17251FAD006F53BF /* lopcodes.c */; };
		21D5A4B717251FAD006F53BF /* loslib.c in Sources */ = {isa = PBXBuildFile; fileRef = 21D5A48D17251FAD006F53BF /* loslib.c */; };
		21D5A4B817251FAD006F53BF /* lparser.c in Sources */ = {isa = PBXBuildFile; fileRef = 21D5A48E17251FAD006F53BF /* lparser.c */; };
		21D5A4B917251FAD006F53BF /* lstate.c in Sources */ = {isa = PBXBuildFile; fileRef = 21D5A49017251FAD006F53BF /* lstate.c */; };
		21D5A4BA17251FAD006F53BF /* lstring.c in Sources */ = {isa = PBXBuildFile; fileRef = 21D5A49217251FAD006F53BF /* lstring.c */; };
		21D5A4BB17251FAD006F53BF /* lstrlib.c in Sources */ = {isa = PBXBuildFile; fileRef = 21D5A49417251FAD006F53BF /* lstrlib.c */; };
		21D5A4BC17251FAD006F53BF /* ltable.c in Sources */ = {isa = PBXBuildFile; fileRef = 21D5A49517251FAD006F53BF /* ltable.c */; };
		21D5A4BD17251FAD006F53BF /* ltablib.c in Sources */ = {isa = PBXBuildFile; fileRef = 21D5A49717251FAD006F53BF /* ltablib.c */; };
		21D5A4BE17251FAD006F53BF /* ltm.c in Sources */ = {isa = PBXBuildFile; fileRef = 21D5A49817251FAD006F53BF /* ltm.c */; };
		21D5A4BF17251FAD006F53BF /* lundump.c in Sources */ = {isa = PBXBuildFile; fileRef = 21D5A49D17251FAD006F53BF /* lundump.c */; };
		21D5A4C017251FAD006F53BF /* lvm.c in Sources */ = {isa = PBXBuildFile; fileRef = 21D5A49F17251FAD006F53BF /* lvm.c */; };
		21D5A4C117251FAD006F53BF /* lzio.c in Sources */ = {isa = PBXBuildFile; fileRef = 21D5A4A117251FAD006F53BF /* lzio.c */; };
		21D5A4C217251FAD006F53BF /* print.c in Sources */ = {isa = PBXBuildFile; fileRef = 21D5A4A317251FAD006F53BF /* print.c */; };
		21D5A4CF17251FC8006F53BF /* rune.c in Sources */ = {isa = PBXBuildFile; fileRef = 21D5A4C417251FC8006F53BF /* rune.c */; };
		21D5A4D017251FC8006F53BF /* runetype.c in Sources */ = {isa = PBXBuildFile; fileRef = 21D5A4C517251FC8006F53BF /* runetype.c */; };
		21D5A4D117251FC8006F53BF /* utfecpy.c in Sources */ = {isa = PBXBuildFile; fileRef = 21D5A4C917251FC8006F53BF /* utfecpy.c */; };
		21D5A4D217251FC8006F53BF /* utflen.c in Sources */ = {isa = PBXBuildFile; fileRef = 21D5A4CA17251FC8006F53BF /* utflen.c */; };
		21D5A4D317251FC8006F53BF /* utfnlen.c in Sources */ = {isa = PBXBuildFile; fileRef = 21D5A4CB17251FC8006F53BF /* utfnlen.c */; };
		21D5A4D417251FC8006F53BF /* utfrrune.c in Sources */ = {isa = PBXBuildFile; fileRef = 21D5A4CC17251FC8006F53BF /* utfrrune.c */; };
		21D5A4D517251FC8006F53BF /* utfrune.c in Sources */ = {isa = PBXBuildFile; fileRef = 21D5A4CD17251FC8006F53BF /* utfrune.c */; };
		21D5A4D617251FC8006F53BF /* utfutf.c in Sources */ = {isa = PBXBuildFile; fileRef = 21D5A4CE17251FC8006F53BF /* utfutf.c */; };
		21D5A4D817251FD9006F53BF /* spalva.c in Sources */ = {isa = PBXBuildFile; fileRef = 21D5A4D717251FD9006F53BF /* spalva.c */; };
		21D5A4DC17252008006F53BF /* spalva_assets in Resources */ = {isa = PBXBuildFile; fileRef = 21D5A4DA17252008006F53BF /* spalva_assets */; };
		21D5A4DD17252008006F53BF /* spalva_scripts in Resources */ = {isa = PBXBuildFile; fileRef = 21D5A4DB17252008006F53BF /* spalva_scripts */; };
		21D5A4E017252171006F53BF /* OpenAL.framework in Frameworks */ = {isa = PBXBuildFile; fileRef = 21D5A4DE17252171006F53BF /* OpenAL.framework */; };
		21D5A4E117252171006F53BF /* OpenGLES.framework in Frameworks */ = {isa = PBXBuildFile; fileRef = 21D5A4DF17252171006F53BF /* OpenGLES.framework */; };
		21D5A4E3172521A3006F53BF /* Social.framework in Frameworks */ = {isa = PBXBuildFile; fileRef = 21D5A4E2172521A3006F53BF /* Social.framework */; };
		21D5A4EC172521EC006F53BF /* CFNetwork.framework in Frameworks */ = {isa = PBXBuildFile; fileRef = 21D5A4E4172521EC006F53BF /* CFNetwork.framework */; };
		21D5A4ED172521EC006F53BF /* CoreAudio.framework in Frameworks */ = {isa = PBXBuildFile; fileRef = 21D5A4E5172521EC006F53BF /* CoreAudio.framework */; };
		21D5A4EE172521EC006F53BF /* CoreData.framework in Frameworks */ = {isa = PBXBuildFile; fileRef = 21D5A4E6172521EC006F53BF /* CoreData.framework */; };
		21D5A4EF172521EC006F53BF /* GameKit.framework in Frameworks */ = {isa = PBXBuildFile; fileRef = 21D5A4E7172521EC006F53BF /* GameKit.framework */; };
		21D5A4F0172521EC006F53BF /* MediaPlayer.framework in Frameworks */ = {isa = PBXBuildFile; fileRef = 21D5A4E8172521EC006F53BF /* MediaPlayer.framework */; };
		21D5A4F1172521EC006F53BF /* MessageUI.framework in Frameworks */ = {isa = PBXBuildFile; fileRef = 21D5A4E9172521EC006F53BF /* MessageUI.framework */; };
		21D5A4F2172521EC006F53BF /* MobileCoreServices.framework in Frameworks */ = {isa = PBXBuildFile; fileRef = 21D5A4EA172521EC006F53BF /* MobileCoreServices.framework */; };
		21D5A4F3172521EC006F53BF /* StoreKit.framework in Frameworks */ = {isa = PBXBuildFile; fileRef = 21D5A4EB172521EC006F53BF /* StoreKit.framework */; };
		21D5A50B17252217006F53BF /* ASIAuthenticationDialog.m in Sources */ = {isa = PBXBuildFile; fileRef = 21D5A4F617252217006F53BF /* ASIAuthenticationDialog.m */; };
		21D5A50C17252217006F53BF /* ASIDataCompressor.m in Sources */ = {isa = PBXBuildFile; fileRef = 21D5A4F917252217006F53BF /* ASIDataCompressor.m */; };
		21D5A50D17252217006F53BF /* ASIDataDecompressor.m in Sources */ = {isa = PBXBuildFile; fileRef = 21D5A4FB17252217006F53BF /* ASIDataDecompressor.m */; };
		21D5A50E17252217006F53BF /* ASIDownloadCache.m in Sources */ = {isa = PBXBuildFile; fileRef = 21D5A4FD17252217006F53BF /* ASIDownloadCache.m */; };
		21D5A50F17252217006F53BF /* ASIFormDataRequest.m in Sources */ = {isa = PBXBuildFile; fileRef = 21D5A4FF17252217006F53BF /* ASIFormDataRequest.m */; };
		21D5A51017252217006F53BF /* ASIHTTPRequest.m in Sources */ = {isa = PBXBuildFile; fileRef = 21D5A50117252217006F53BF /* ASIHTTPRequest.m */; };
		21D5A51117252217006F53BF /* ASIInputStream.m in Sources */ = {isa = PBXBuildFile; fileRef = 21D5A50517252217006F53BF /* ASIInputStream.m */; };
		21D5A51217252217006F53BF /* ASINetworkQueue.m in Sources */ = {isa = PBXBuildFile; fileRef = 21D5A50717252217006F53BF /* ASINetworkQueue.m */; };
		21D5A51317252217006F53BF /* Reachability.m in Sources */ = {isa = PBXBuildFile; fileRef = 21D5A50A17252217006F53BF /* Reachability.m */; };
		21D5A51517252233006F53BF /* AVFoundation.framework in Frameworks */ = {isa = PBXBuildFile; fileRef = 21D5A51417252233006F53BF /* AVFoundation.framework */; };
		21D5A51717252252006F53BF /* SystemConfiguration.framework in Frameworks */ = {isa = PBXBuildFile; fileRef = 21D5A51617252252006F53BF /* SystemConfiguration.framework */; };
		21D5A51917252287006F53BF /* QuartzCore.framework in Frameworks */ = {isa = PBXBuildFile; fileRef = 21D5A51817252287006F53BF /* QuartzCore.framework */; };
		21D5A51B17252293006F53BF /* Twitter.framework in Frameworks */ = {isa = PBXBuildFile; fileRef = 21D5A51A17252293006F53BF /* Twitter.framework */; };
		21D5A51D172522D9006F53BF /* libz.dylib in Frameworks */ = {isa = PBXBuildFile; fileRef = 21D5A51C172522D9006F53BF /* libz.dylib */; };
		21D5A51F17252311006F53BF /* miniz.c in Sources */ = {isa = PBXBuildFile; fileRef = 21D5A51E17252311006F53BF /* miniz.c */; };
/* End PBXBuildFile section */

/* Begin PBXFileReference section */
		21D5A3A117251E2E006F53BF /* spalva.app */ = {isa = PBXFileReference; explicitFileType = wrapper.application; includeInIndex = 0; path = spalva.app; sourceTree = BUILT_PRODUCTS_DIR; };
		21D5A3A417251E2E006F53BF /* UIKit.framework */ = {isa = PBXFileReference; lastKnownFileType = wrapper.framework; name = UIKit.framework; path = System/Library/Frameworks/UIKit.framework; sourceTree = SDKROOT; };
		21D5A3A617251E2E006F53BF /* Foundation.framework */ = {isa = PBXFileReference; lastKnownFileType = wrapper.framework; name = Foundation.framework; path = System/Library/Frameworks/Foundation.framework; sourceTree = SDKROOT; };
		21D5A3A817251E2E006F53BF /* CoreGraphics.framework */ = {isa = PBXFileReference; lastKnownFileType = wrapper.framework; name = CoreGraphics.framework; path = System/Library/Frameworks/CoreGraphics.framework; sourceTree = SDKROOT; };
		21D5A3AC17251E2E006F53BF /* spalva-Info.plist */ = {isa = PBXFileReference; lastKnownFileType = text.plist.xml; path = "spalva-Info.plist"; sourceTree = "<group>"; };
		21D5A3B617251E2E006F53BF /* Default.png */ = {isa = PBXFileReference; lastKnownFileType = image.png; path = Default.png; sourceTree = "<group>"; };
		21D5A3B817251E2E006F53BF /* Default@2x.png */ = {isa = PBXFileReference; lastKnownFileType = image.png; path = "Default@2x.png"; sourceTree = "<group>"; };
		21D5A3BA17251E2E006F53BF /* Default-568h@2x.png */ = {isa = PBXFileReference; lastKnownFileType = image.png; path = "Default-568h@2x.png"; sourceTree = "<group>"; };
		21D5A3C217251F30006F53BF /* anim.c */ = {isa = PBXFileReference; fileEncoding = 4; lastKnownFileType = sourcecode.c.c; name = anim.c; path = ../../../src/anim.c; sourceTree = "<group>"; };
		21D5A3C317251F30006F53BF /* anim.h */ = {isa = PBXFileReference; fileEncoding = 4; lastKnownFileType = sourcecode.c.h; name = anim.h; path = ../../../src/anim.h; sourceTree = "<group>"; };
		21D5A3C417251F30006F53BF /* async.c */ = {isa = PBXFileReference; fileEncoding = 4; lastKnownFileType = sourcecode.c.c; name = async.c; path = ../../../src/async.c; sourceTree = "<group>"; };
		21D5A3C517251F30006F53BF /* async.h */ = {isa = PBXFileReference; fileEncoding = 4; lastKnownFileType = sourcecode.c.h; name = async.h; path = ../../../src/async.h; sourceTree = "<group>"; };
		21D5A3C617251F30006F53BF /* AutoRotateViewController.h */ = {isa = PBXFileReference; fileEncoding = 4; lastKnownFileType = sourcecode.c.h; name = AutoRotateViewController.h; path = ../../../src/AutoRotateViewController.h; sourceTree = "<group>"; };
		21D5A3C717251F30006F53BF /* AutoRotateViewController.m */ = {isa = PBXFileReference; fileEncoding = 4; lastKnownFileType = sourcecode.c.objc; name = AutoRotateViewController.m; path = ../../../src/AutoRotateViewController.m; sourceTree = "<group>"; };
		21D5A3C817251F30006F53BF /* camera.h */ = {isa = PBXFileReference; fileEncoding = 4; lastKnownFileType = sourcecode.c.h; name = camera.h; path = ../../../src/camera.h; sourceTree = "<group>"; };
		21D5A3C917251F30006F53BF /* camera.m */ = {isa = PBXFileReference; fileEncoding = 4; lastKnownFileType = sourcecode.c.objc; name = camera.m; path = ../../../src/camera.m; sourceTree = "<group>"; };
		21D5A3CA17251F30006F53BF /* coldet.c */ = {isa = PBXFileReference; fileEncoding = 4; lastKnownFileType = sourcecode.c.c; name = coldet.c; path = ../../../src/coldet.c; sourceTree = "<group>"; };
		21D5A3CB17251F30006F53BF /* coldet.h */ = {isa = PBXFileReference; fileEncoding = 4; lastKnownFileType = sourcecode.c.h; name = coldet.h; path = ../../../src/coldet.h; sourceTree = "<group>"; };
		21D5A3CC17251F30006F53BF /* darray.c */ = {isa = PBXFileReference; fileEncoding = 4; lastKnownFileType = sourcecode.c.c; name = darray.c; path = ../../../src/darray.c; sourceTree = "<group>"; };
		21D5A3CD17251F30006F53BF /* darray.h */ = {isa = PBXFileReference; fileEncoding = 4; lastKnownFileType = sourcecode.c.h; name = darray.h; path = ../../../src/darray.h; sourceTree = "<group>"; };
		21D5A3CE17251F30006F53BF /* datastruct.c */ = {isa = PBXFileReference; fileEncoding = 4; lastKnownFileType = sourcecode.c.c; name = datastruct.c; path = ../../../src/datastruct.c; sourceTree = "<group>"; };
		21D5A3CF17251F30006F53BF /* datastruct.h */ = {isa = PBXFileReference; fileEncoding = 4; lastKnownFileType = sourcecode.c.h; name = datastruct.h; path = ../../../src/datastruct.h; sourceTree = "<group>"; };
		21D5A3D017251F30006F53BF /* DGreedAppDelegate.h */ = {isa = PBXFileReference; fileEncoding = 4; lastKnownFileType = sourcecode.c.h; name = DGreedAppDelegate.h; path = ../../../src/DGreedAppDelegate.h; sourceTree = "<group>"; };
		21D5A3D117251F30006F53BF /* DGreedAppDelegate.m */ = {isa = PBXFileReference; fileEncoding = 4; lastKnownFileType = sourcecode.c.objc; name = DGreedAppDelegate.m; path = ../../../src/DGreedAppDelegate.m; sourceTree = "<group>"; };
		21D5A3D217251F30006F53BF /* font.c */ = {isa = PBXFileReference; fileEncoding = 4; lastKnownFileType = sourcecode.c.c; name = font.c; path = ../../../src/font.c; sourceTree = "<group>"; };
		21D5A3D317251F30006F53BF /* font.h */ = {isa = PBXFileReference; fileEncoding = 4; lastKnownFileType = sourcecode.c.h; name = font.h; path = ../../../src/font.h; sourceTree = "<group>"; };
		21D5A3D417251F30006F53BF /* gamecenter.h */ = {isa = PBXFileReference; fileEncoding = 4; lastKnownFileType = sourcecode.c.h; name = gamecenter.h; path = ../../../src/gamecenter.h; sourceTree = "<group>"; };
		21D5A3D517251F30006F53BF /* gamecenter.m */ = {isa = PBXFileReference; fileEncoding = 4; lastKnownFileType = sourcecode.c.objc; name = gamecenter.m; path = ../../../src/gamecenter.m; sourceTree = "<group>"; };
		21D5A3D617251F30006F53BF /* gfx_utils.c */ = {isa = PBXFileReference; fileEncoding = 4; lastKnownFileType = sourcecode.c.c; name = gfx_utils.c; path = ../../../src/gfx_utils.c; sourceTree = "<group>"; };
		21D5A3D717251F30006F53BF /* gfx_utils.h */ = {isa = PBXFileReference; fileEncoding = 4; lastKnownFileType = sourcecode.c.h; name = gfx_utils.h; path = ../../../src/gfx_utils.h; sourceTree = "<group>"; };
		21D5A3D817251F30006F53BF /* GLESView.h */ = {isa = PBXFileReference; fileEncoding = 4; lastKnownFileType = sourcecode.c.h; name = GLESView.h; path = ../../../src/GLESView.h; sourceTree = "<group>"; };
		21D5A3D917251F30006F53BF /* GLESView.m */ = {isa = PBXFileReference; fileEncoding = 4; lastKnownFileType = sourcecode.c.objc; name = GLESView.m; path = ../../../src/GLESView.m; sourceTree = "<group>"; };
		21D5A3DA17251F30006F53BF /* GLESViewController.h */ = {isa = PBXFileReference; fileEncoding = 4; lastKnownFileType = sourcecode.c.h; name = GLESViewController.h; path = ../../../src/GLESViewController.h; sourceTree = "<group>"; };
		21D5A3DB17251F30006F53BF /* GLESViewController.m */ = {isa = PBXFileReference; fileEncoding = 4; lastKnownFileType = sourcecode.c.objc; name = GLESViewController.m; path = ../../../src/GLESViewController.m; sourceTree = "<group>"; };
		21D5A3DC17251F30006F53BF /* gui.c */ = {isa = PBXFileReference; fileEncoding = 4; lastKnownFileType = sourcecode.c.c; name = gui.c; path = ../../../src/gui.c; sourceTree = "<group>"; };
		21D5A3DD17251F30006F53BF /* gui.h */ = {isa = PBXFileReference; fileEncoding = 4; lastKnownFileType = sourcecode.c.h; name = gui.h; path = ../../../src/gui.h; sourceTree = "<group>"; };
		21D5A3DE17251F30006F53BF /* http.h */ = {isa = PBXFileReference; fileEncoding = 4; lastKnownFileType = sourcecode.c.h; name = http.h; path = ../../../src/http.h; sourceTree = "<group>"; };
		21D5A3DF17251F30006F53BF /* http.m */ = {isa = PBXFileReference; fileEncoding = 4; lastKnownFileType = sourcecode.c.objc; name = http.m; path = ../../../src/http.m; sourceTree = "<group>"; };
		21D5A3E017251F30006F53BF /* iap.h */ = {isa = PBXFileReference; fileEncoding = 4; lastKnownFileType = sourcecode.c.h; name = iap.h; path = ../../../src/iap.h; sourceTree = "<group>"; };
		21D5A3E117251F30006F53BF /* iap.m */ = {isa = PBXFileReference; fileEncoding = 4; lastKnownFileType = sourcecode.c.objc; name = iap.m; path = ../../../src/iap.m; sourceTree = "<group>"; };
		21D5A3E217251F30006F53BF /* image.c */ = {isa = PBXFileReference; fileEncoding = 4; lastKnownFileType = sourcecode.c.c; name = image.c; path = ../../../src/image.c; sourceTree = "<group>"; };
		21D5A3E317251F30006F53BF /* image.h */ = {isa = PBXFileReference; fileEncoding = 4; lastKnownFileType = sourcecode.c.h; name = image.h; path = ../../../src/image.h; sourceTree = "<group>"; };
		21D5A3E417251F30006F53BF /* keyval.c */ = {isa = PBXFileReference; fileEncoding = 4; lastKnownFileType = sourcecode.c.c; name = keyval.c; path = ../../../src/keyval.c; sourceTree = "<group>"; };
		21D5A3E517251F30006F53BF /* keyval.h */ = {isa = PBXFileReference; fileEncoding = 4; lastKnownFileType = sourcecode.c.h; name = keyval.h; path = ../../../src/keyval.h; sourceTree = "<group>"; };
		21D5A3E617251F30006F53BF /* localization.c */ = {isa = PBXFileReference; fileEncoding = 4; lastKnownFileType = sourcecode.c.c; name = localization.c; path = ../../../src/localization.c; sourceTree = "<group>"; };
		21D5A3E717251F30006F53BF /* localization.h */ = {isa = PBXFileReference; fileEncoding = 4; lastKnownFileType = sourcecode.c.h; name = localization.h; path = ../../../src/localization.h; sourceTree = "<group>"; };
		21D5A3E817251F30006F53BF /* lz4.c */ = {isa = PBXFileReference; fileEncoding = 4; lastKnownFileType = sourcecode.c.c; name = lz4.c; path = ../../../src/lz4.c; sourceTree = "<group>"; };
		21D5A3E917251F30006F53BF /* lz4.h */ = {isa = PBXFileReference; fileEncoding = 4; lastKnownFileType = sourcecode.c.h; name = lz4.h; path = ../../../src/lz4.h; sourceTree = "<group>"; };
		21D5A3EA17251F30006F53BF /* lz4hc.c */ = {isa = PBXFileReference; fileEncoding = 4; lastKnownFileType = sourcecode.c.c; name = lz4hc.c; path = ../../../src/lz4hc.c; sourceTree = "<group>"; };
		21D5A3EB17251F30006F53BF /* lz4hc.h */ = {isa = PBXFileReference; fileEncoding = 4; lastKnownFileType = sourcecode.c.h; name = lz4hc.h; path = ../../../src/lz4hc.h; sourceTree = "<group>"; };
		21D5A3EC17251F30006F53BF /* memlin.c */ = {isa = PBXFileReference; fileEncoding = 4; lastKnownFileType = sourcecode.c.c; name = memlin.c; path = ../../../src/memlin.c; sourceTree = "<group>"; };
		21D5A3ED17251F30006F53BF /* memlin.h */ = {isa = PBXFileReference; fileEncoding = 4; lastKnownFileType = sourcecode.c.h; name = memlin.h; path = ../../../src/memlin.h; sourceTree = "<group>"; };
		21D5A3EE17251F30006F53BF /* memory.c */ = {isa = PBXFileReference; fileEncoding = 4; lastKnownFileType = sourcecode.c.c; name = memory.c; path = ../../../src/memory.c; sourceTree = "<group>"; };
		21D5A3EF17251F30006F53BF /* memory.h */ = {isa = PBXFileReference; fileEncoding = 4; lastKnownFileType = sourcecode.c.h; name = memory.h; path = ../../../src/memory.h; sourceTree = "<group>"; };
		21D5A3F017251F30006F53BF /* mempool.c */ = {isa = PBXFileReference; fileEncoding = 4; lastKnownFileType = sourcecode.c.c; name = mempool.c; path = ../../../src/mempool.c; sourceTree = "<group>"; };
		21D5A3F117251F30006F53BF /* mempool.h */ = {isa = PBXFileReference; fileEncoding = 4; lastKnownFileType = sourcecode.c.h; name = mempool.h; path = ../../../src/mempool.h; sourceTree = "<group>"; };
		21D5A3F217251F30006F53BF /* mfx.c */ = {isa = PBXFileReference; fileEncoding = 4; lastKnownFileType = sourcecode.c.c; name = mfx.c; path = ../../../src/mfx.c; sourceTree = "<group>"; };
		21D5A3F317251F30006F53BF /* mfx.h */ = {isa = PBXFileReference; fileEncoding = 4; lastKnownFileType = sourcecode.c.h; name = mfx.h; path = ../../../src/mfx.h; sourceTree = "<group>"; };
		21D5A3F517251F30006F53BF /* mml.c */ = {isa = PBXFileReference; fileEncoding = 4; lastKnownFileType = sourcecode.c.c; name = mml.c; path = ../../../src/mml.c; sourceTree = "<group>"; };
		21D5A3F617251F30006F53BF /* mml.h */ = {isa = PBXFileReference; fileEncoding = 4; lastKnownFileType = sourcecode.c.h; name = mml.h; path = ../../../src/mml.h; sourceTree = "<group>"; };
		21D5A3F717251F30006F53BF /* NSFileManager+DirectoryLocations.h */ = {isa = PBXFileReference; fileEncoding = 4; lastKnownFileType = sourcecode.c.h; name = "NSFileManager+DirectoryLocations.h"; path = "../../../src/NSFileManager+DirectoryLocations.h"; sourceTree = "<group>"; };
		21D5A3F817251F30006F53BF /* NSFileManager+DirectoryLocations.m */ = {isa = PBXFileReference; fileEncoding = 4; lastKnownFileType = sourcecode.c.objc; name = "NSFileManager+DirectoryLocations.m"; path = "../../../src/NSFileManager+DirectoryLocations.m"; sourceTree = "<group>"; };
		21D5A3F917251F30006F53BF /* particles.c */ = {isa = PBXFileReference; fileEncoding = 4; lastKnownFileType = sourcecode.c.c; name = particles.c; path = ../../../src/particles.c; sourceTree = "<group>"; };
		21D5A3FA17251F30006F53BF /* particles.h */ = {isa = PBXFileReference; fileEncoding = 4; lastKnownFileType = sourcecode.c.h; name = particles.h; path = ../../../src/particles.h; sourceTree = "<group>"; };
		21D5A3FB17251F30006F53BF /* sophist.h */ = {isa = PBXFileReference; fileEncoding = 4; lastKnownFileType = sourcecode.c.h; name = sophist.h; path = ../../../src/sophist.h; sourceTree = "<group>"; };
		21D5A3FC17251F30006F53BF /* sprsheet.c */ = {isa = PBXFileReference; fileEncoding = 4; lastKnownFileType = sourcecode.c.c; name = sprsheet.c; path = ../../../src/sprsheet.c; sourceTree = "<group>"; };
		21D5A3FD17251F30006F53BF /* sprsheet.h */ = {isa = PBXFileReference; fileEncoding = 4; lastKnownFileType = sourcecode.c.h; name = sprsheet.h; path = ../../../src/sprsheet.h; sourceTree = "<group>"; };
		21D5A3FE17251F30006F53BF /* stb_truetype.h */ = {isa = PBXFileReference; fileEncoding = 4; lastKnownFileType = sourcecode.c.h; name = stb_truetype.h; path = ../../../src/stb_truetype.h; sourceTree = "<group>"; };
		21D5A3FF17251F30006F53BF /* sys_gfx_ios.m */ = {isa = PBXFileReference; fileEncoding = 4; lastKnownFileType = sourcecode.c.objc; name = sys_gfx_ios.m; path = ../../../src/sys_gfx_ios.m; sourceTree = "<group>"; };
		21D5A40017251F30006F53BF /* sys_gfx.h */ = {isa = PBXFileReference; fileEncoding = 4; lastKnownFileType = sourcecode.c.h; name = sys_gfx.h; path = ../../../src/sys_gfx.h; sourceTree = "<group>"; };
		21D5A40117251F30006F53BF /* sys_misc_ios.m */ = {isa = PBXFileReference; fileEncoding = 4; lastKnownFileType = sourcecode.c.objc; name = sys_misc_ios.m; path = ../../../src/sys_misc_ios.m; sourceTree = "<group>"; };
		21D5A40217251F30006F53BF /* sys_snd_ios.m */ = {isa = PBXFileReference; fileEncoding = 4; lastKnownFileType = sourcecode.c.objc; name = sys_snd_ios.m; path = ../../../src/sys_snd_ios.m; sourceTree = "<group>"; };
		21D5A40317251F30006F53BF /* sys_snd.h */ = {isa = PBXFileReference; fileEncoding = 4; lastKnownFileType = sourcecode.c.h; name = sys_snd.h; path = ../../../src/sys_snd.h; sourceTree = "<group>"; };
		21D5A40417251F30006F53BF /* system.h */ = {isa = PBXFileReference; fileEncoding = 4; lastKnownFileType = sourcecode.c.h; name = system.h; path = ../../../src/system.h; sourceTree = "<group>"; };
		21D5A40517251F30006F53BF /* TextCapturerView.h */ = {isa = PBXFileReference; fileEncoding = 4; lastKnownFileType = sourcecode.c.h; name = TextCapturerView.h; path = ../../../src/TextCapturerView.h; sourceTree = "<group>"; };
		21D5A40617251F30006F53BF /* TextCapturerView.m */ = {isa = PBXFileReference; fileEncoding = 4; lastKnownFileType = sourcecode.c.objc; name = TextCapturerView.m; path = ../../../src/TextCapturerView.m; sourceTree = "<group>"; };
		21D5A40717251F30006F53BF /* tilemap.c */ = {isa = PBXFileReference; fileEncoding = 4; lastKnownFileType = sourcecode.c.c; name = tilemap.c; path = ../../../src/tilemap.c; sourceTree = "<group>"; };
		21D5A40817251F30006F53BF /* tilemap.h */ = {isa = PBXFileReference; fileEncoding = 4; lastKnownFileType = sourcecode.c.h; name = tilemap.h; path = ../../../src/tilemap.h; sourceTree = "<group>"; };
		21D5A40917251F30006F53BF /* touch_ctrls.c */ = {isa = PBXFileReference; fileEncoding = 4; lastKnownFileType = sourcecode.c.c; name = touch_ctrls.c; path = ../../../src/touch_ctrls.c; sourceTree = "<group>"; };
		21D5A40A17251F30006F53BF /* touch_ctrls.h */ = {isa = PBXFileReference; fileEncoding = 4; lastKnownFileType = sourcecode.c.h; name = touch_ctrls.h; path = ../../../src/touch_ctrls.h; sourceTree = "<group>"; };
		21D5A40B17251F30006F53BF /* tweakables.c */ = {isa = PBXFileReference; fileEncoding = 4; lastKnownFileType = sourcecode.c.c; name = tweakables.c; path = ../../../src/tweakables.c; sourceTree = "<group>"; };
		21D5A40C17251F30006F53BF /* tweakables.h */ = {isa = PBXFileReference; fileEncoding = 4; lastKnownFileType = sourcecode.c.h; name = tweakables.h; path = ../../../src/tweakables.h; sourceTree = "<group>"; };
		21D5A40D17251F30006F53BF /* uidesc.c */ = {isa = PBXFileReference; fileEncoding = 4; lastKnownFileType = sourcecode.c.c; name = uidesc.c; path = ../../../src/uidesc.c; sourceTree = "<group>"; };
		21D5A40E17251F30006F53BF /* uidesc.h */ = {isa = PBXFileReference; fileEncoding = 4; lastKnownFileType = sourcecode.c.h; name = uidesc.h; path = ../../../src/uidesc.h; sourceTree = "<group>"; };
		21D5A40F17251F30006F53BF /* UIImage+Resize.h */ = {isa = PBXFileReference; fileEncoding = 4; lastKnownFileType = sourcecode.c.h; name = "UIImage+Resize.h"; path = "../../../src/UIImage+Resize.h"; sourceTree = "<group>"; };
		21D5A41017251F30006F53BF /* UIImage+Resize.m */ = {isa = PBXFileReference; fileEncoding = 4; lastKnownFileType = sourcecode.c.objc; name = "UIImage+Resize.m"; path = "../../../src/UIImage+Resize.m"; sourceTree = "<group>"; };
		21D5A41117251F30006F53BF /* utils.c */ = {isa = PBXFileReference; fileEncoding = 4; lastKnownFileType = sourcecode.c.c; name = utils.c; path = ../../../src/utils.c; sourceTree = "<group>"; };
		21D5A41217251F30006F53BF /* utils.h */ = {isa = PBXFileReference; fileEncoding = 4; lastKnownFileType = sourcecode.c.h; name = utils.h; path = ../../../src/utils.h; sourceTree = "<group>"; };
		21D5A41317251F30006F53BF /* vfont_stbtt.c */ = {isa = PBXFileReference; fileEncoding = 4; lastKnownFileType = sourcecode.c.c; name = vfont_stbtt.c; path = ../../../src/vfont_stbtt.c; sourceTree = "<group>"; };
		21D5A41417251F30006F53BF /* vfont.c */ = {isa = PBXFileReference; fileEncoding = 4; lastKnownFileType = sourcecode.c.c; name = vfont.c; path = ../../../src/vfont.c; sourceTree = "<group>"; };
		21D5A41517251F30006F53BF /* vfont.h */ = {isa = PBXFileReference; fileEncoding = 4; lastKnownFileType = sourcecode.c.h; name = vfont.h; path = ../../../src/vfont.h; sourceTree = "<group>"; };
		21D5A41617251F30006F53BF /* vfs.c */ = {isa = PBXFileReference; fileEncoding = 4; lastKnownFileType = sourcecode.c.c; name = vfs.c; path = ../../../src/vfs.c; sourceTree = "<group>"; };
		21D5A41717251F30006F53BF /* vfs.h */ = {isa = PBXFileReference; fileEncoding = 4; lastKnownFileType = sourcecode.c.h; name = vfs.h; path = ../../../src/vfs.h; sourceTree = "<group>"; };
		21D5A41817251F30006F53BF /* wav.c */ = {isa = PBXFileReference; fileEncoding = 4; lastKnownFileType = sourcecode.c.c; name = wav.c; path = ../../../src/wav.c; sourceTree = "<group>"; };
		21D5A41917251F30006F53BF /* wav.h */ = {isa = PBXFileReference; fileEncoding = 4; lastKnownFileType = sourcecode.c.h; name = wav.h; path = ../../../src/wav.h; sourceTree = "<group>"; };
		21D5A44817251F77006F53BF /* lua_utf8.c */ = {isa = PBXFileReference; fileEncoding = 4; lastKnownFileType = sourcecode.c.c; name = lua_utf8.c; path = ../../../src/malka/lua_utf8.c; sourceTree = "<group>"; };
		21D5A44917251F77006F53BF /* malka.c */ = {isa = PBXFileReference; fileEncoding = 4; lastKnownFileType = sourcecode.c.c; name = malka.c; path = ../../../src/malka/malka.c; sourceTree = "<group>"; };
		21D5A44A17251F77006F53BF /* malka.h */ = {isa = PBXFileReference; fileEncoding = 4; lastKnownFileType = sourcecode.c.h; name = malka.h; path = ../../../src/malka/malka.h; sourceTree = "<group>"; };
		21D5A44B17251F77006F53BF /* ml_anim.c */ = {isa = PBXFileReference; fileEncoding = 4; lastKnownFileType = sourcecode.c.c; name = ml_anim.c; path = ../../../src/malka/ml_anim.c; sourceTree = "<group>"; };
		21D5A44C17251F77006F53BF /* ml_coldet.c */ = {isa = PBXFileReference; fileEncoding = 4; lastKnownFileType = sourcecode.c.c; name = ml_coldet.c; path = ../../../src/malka/ml_coldet.c; sourceTree = "<group>"; };
		21D5A44D17251F77006F53BF /* ml_common.h */ = {isa = PBXFileReference; fileEncoding = 4; lastKnownFileType = sourcecode.c.h; name = ml_common.h; path = ../../../src/malka/ml_common.h; sourceTree = "<group>"; };
		21D5A44E17251F77006F53BF /* ml_gamecenter.c */ = {isa = PBXFileReference; fileEncoding = 4; lastKnownFileType = sourcecode.c.c; name = ml_gamecenter.c; path = ../../../src/malka/ml_gamecenter.c; sourceTree = "<group>"; };
		21D5A44F17251F77006F53BF /* ml_http.c */ = {isa = PBXFileReference; fileEncoding = 4; lastKnownFileType = sourcecode.c.c; name = ml_http.c; path = ../../../src/malka/ml_http.c; sourceTree = "<group>"; };
		21D5A45017251F77006F53BF /* ml_iap.c */ = {isa = PBXFileReference; fileEncoding = 4; lastKnownFileType = sourcecode.c.c; name = ml_iap.c; path = ../../../src/malka/ml_iap.c; sourceTree = "<group>"; };
		21D5A45117251F77006F53BF /* ml_keyval.c */ = {isa = PBXFileReference; fileEncoding = 4; lastKnownFileType = sourcecode.c.c; name = ml_keyval.c; path = ../../../src/malka/ml_keyval.c; sourceTree = "<group>"; };
		21D5A45217251F77006F53BF /* ml_localization.c */ = {isa = PBXFileReference; fileEncoding = 4; lastKnownFileType = sourcecode.c.c; name = ml_localization.c; path = ../../../src/malka/ml_localization.c; sourceTree = "<group>"; };
		21D5A45317251F77006F53BF /* ml_mfx.c */ = {isa = PBXFileReference; fileEncoding = 4; lastKnownFileType = sourcecode.c.c; name = ml_mfx.c; path = ../../../src/malka/ml_mfx.c; sourceTree = "<group>"; };
		21D5A45417251F77006F53BF /* ml_mml.c */ = {isa = PBXFileReference; fileEncoding = 4; lastKnownFileType = sourcecode.c.c; name = ml_mml.c; path = ../../../src/malka/ml_mml.c; sourceTree = "<group>"; };
		21D5A45517251F77006F53BF /* ml_os.c */ = {isa = PBXFileReference; fileEncoding = 4; lastKnownFileType = sourcecode.c.c; name = ml_os.c; path = ../../../src/malka/ml_os.c; sourceTree = "<group>"; };
		21D5A45617251F77006F53BF /* ml_sprsheet.c */ = {isa = PBXFileReference; fileEncoding = 4; lastKnownFileType = sourcecode.c.c; name = ml_sprsheet.c; path = ../../../src/malka/ml_sprsheet.c; sourceTree = "<group>"; };
		21D5A45717251F77006F53BF /* ml_states.c */ = {isa = PBXFileReference; fileEncoding = 4; lastKnownFileType = sourcecode.c.c; name = ml_states.c; path = ../../../src/malka/ml_states.c; sourceTree = "<group>"; };
		21D5A45817251F77006F53BF /* ml_states.h */ = {isa = PBXFileReference; fileEncoding = 4; lastKnownFileType = sourcecode.c.h; name = ml_states.h; path = ../../../src/malka/ml_states.h; sourceTree = "<group>"; };
		21D5A45917251F77006F53BF /* ml_system.c */ = {isa = PBXFileReference; fileEncoding = 4; lastKnownFileType = sourcecode.c.c; name = ml_system.c; path = ../../../src/malka/ml_system.c; sourceTree = "<group>"; };
		21D5A45A17251F77006F53BF /* ml_utils.c */ = {isa = PBXFileReference; fileEncoding = 4; lastKnownFileType = sourcecode.c.c; name = ml_utils.c; path = ../../../src/malka/ml_utils.c; sourceTree = "<group>"; };
		21D5A45B17251F77006F53BF /* profiler.c */ = {isa = PBXFileReference; fileEncoding = 4; lastKnownFileType = sourcecode.c.c; name = profiler.c; path = ../../../src/malka/profiler.c; sourceTree = "<group>"; };
		21D5A45C17251F77006F53BF /* profiler.h */ = {isa = PBXFileReference; fileEncoding = 4; lastKnownFileType = sourcecode.c.h; name = profiler.h; path = ../../../src/malka/profiler.h; sourceTree = "<group>"; };
		21D5A46E17251FAD006F53BF /* bit.c */ = {isa = PBXFileReference; fileEncoding = 4; lastKnownFileType = sourcecode.c.c; name = bit.c; path = ../../../src/malka/lua/bit.c; sourceTree = "<group>"; };
		21D5A46F17251FAD006F53BF /* lapi.c */ = {isa = PBXFileReference; fileEncoding = 4; lastKnownFileType = sourcecode.c.c; name = lapi.c; path = ../../../src/malka/lua/lapi.c; sourceTree = "<group>"; };
		21D5A47017251FAD006F53BF /* lapi.h */ = {isa = PBXFileReference; fileEncoding = 4; lastKnownFileType = sourcecode.c.h; name = lapi.h; path = ../../../src/malka/lua/lapi.h; sourceTree = "<group>"; };
		21D5A47117251FAD006F53BF /* lauxlib.c */ = {isa = PBXFileReference; fileEncoding = 4; lastKnownFileType = sourcecode.c.c; name = lauxlib.c; path = ../../../src/malka/lua/lauxlib.c; sourceTree = "<group>"; };
		21D5A47217251FAD006F53BF /* lauxlib.h */ = {isa = PBXFileReference; fileEncoding = 4; lastKnownFileType = sourcecode.c.h; name = lauxlib.h; path = ../../../src/malka/lua/lauxlib.h; sourceTree = "<group>"; };
		21D5A47317251FAD006F53BF /* lbaselib.c */ = {isa = PBXFileReference; fileEncoding = 4; lastKnownFileType = sourcecode.c.c; name = lbaselib.c; path = ../../../src/malka/lua/lbaselib.c; sourceTree = "<group>"; };
		21D5A47417251FAD006F53BF /* lcode.c */ = {isa = PBXFileReference; fileEncoding = 4; lastKnownFileType = sourcecode.c.c; name = lcode.c; path = ../../../src/malka/lua/lcode.c; sourceTree = "<group>"; };
		21D5A47517251FAD006F53BF /* lcode.h */ = {isa = PBXFileReference; fileEncoding = 4; lastKnownFileType = sourcecode.c.h; name = lcode.h; path = ../../../src/malka/lua/lcode.h; sourceTree = "<group>"; };
		21D5A47617251FAD006F53BF /* ldblib.c */ = {isa = PBXFileReference; fileEncoding = 4; lastKnownFileType = sourcecode.c.c; name = ldblib.c; path = ../../../src/malka/lua/ldblib.c; sourceTree = "<group>"; };
		21D5A47717251FAD006F53BF /* ldebug.c */ = {isa = PBXFileReference; fileEncoding = 4; lastKnownFileType = sourcecode.c.c; name = ldebug.c; path = ../../../src/malka/lua/ldebug.c; sourceTree = "<group>"; };
		21D5A47817251FAD006F53BF /* ldebug.h */ = {isa = PBXFileReference; fileEncoding = 4; lastKnownFileType = sourcecode.c.h; name = ldebug.h; path = ../../../src/malka/lua/ldebug.h; sourceTree = "<group>"; };
		21D5A47917251FAD006F53BF /* ldo.c */ = {isa = PBXFileReference; fileEncoding = 4; lastKnownFileType = sourcecode.c.c; name = ldo.c; path = ../../../src/malka/lua/ldo.c; sourceTree = "<group>"; };
		21D5A47A17251FAD006F53BF /* ldo.h */ = {isa = PBXFileReference; fileEncoding = 4; lastKnownFileType = sourcecode.c.h; name = ldo.h; path = ../../../src/malka/lua/ldo.h; sourceTree = "<group>"; };
		21D5A47B17251FAD006F53BF /* ldump.c */ = {isa = PBXFileReference; fileEncoding = 4; lastKnownFileType = sourcecode.c.c; name = ldump.c; path = ../../../src/malka/lua/ldump.c; sourceTree = "<group>"; };
		21D5A47C17251FAD006F53BF /* lfunc.c */ = {isa = PBXFileReference; fileEncoding = 4; lastKnownFileType = sourcecode.c.c; name = lfunc.c; path = ../../../src/malka/lua/lfunc.c; sourceTree = "<group>"; };
		21D5A47D17251FAD006F53BF /* lfunc.h */ = {isa = PBXFileReference; fileEncoding = 4; lastKnownFileType = sourcecode.c.h; name = lfunc.h; path = ../../../src/malka/lua/lfunc.h; sourceTree = "<group>"; };
		21D5A47E17251FAD006F53BF /* lgc.c */ = {isa = PBXFileReference; fileEncoding = 4; lastKnownFileType = sourcecode.c.c; name = lgc.c; path = ../../../src/malka/lua/lgc.c; sourceTree = "<group>"; };
		21D5A47F17251FAD006F53BF /* lgc.h */ = {isa = PBXFileReference; fileEncoding = 4; lastKnownFileType = sourcecode.c.h; name = lgc.h; path = ../../../src/malka/lua/lgc.h; sourceTree = "<group>"; };
		21D5A48017251FAD006F53BF /* linit.c */ = {isa = PBXFileReference; fileEncoding = 4; lastKnownFileType = sourcecode.c.c; name = linit.c; path = ../../../src/malka/lua/linit.c; sourceTree = "<group>"; };
		21D5A48117251FAD006F53BF /* liolib.c */ = {isa = PBXFileReference; fileEncoding = 4; lastKnownFileType = sourcecode.c.c; name = liolib.c; path = ../../../src/malka/lua/liolib.c; sourceTree = "<group>"; };
		21D5A48217251FAD006F53BF /* llex.c */ = {isa = PBXFileReference; fileEncoding = 4; lastKnownFileType = sourcecode.c.c; name = llex.c; path = ../../../src/malka/lua/llex.c; sourceTree = "<group>"; };
		21D5A48317251FAD006F53BF /* llex.h */ = {isa = PBXFileReference; fileEncoding = 4; lastKnownFileType = sourcecode.c.h; name = llex.h; path = ../../../src/malka/lua/llex.h; sourceTree = "<group>"; };
		21D5A48417251FAD006F53BF /* llimits.h */ = {isa = PBXFileReference; fileEncoding = 4; lastKnownFileType = sourcecode.c.h; name = llimits.h; path = ../../../src/malka/lua/llimits.h; sourceTree = "<group>"; };
		21D5A48517251FAD006F53BF /* lmathlib.c */ = {isa = PBXFileReference; fileEncoding = 4; lastKnownFileType = sourcecode.c.c; name = lmathlib.c; path = ../../../src/malka/lua/lmathlib.c; sourceTree = "<group>"; };
		21D5A48617251FAD006F53BF /* lmem.c */ = {isa = PBXFileReference; fileEncoding = 4; lastKnownFileType = sourcecode.c.c; name = lmem.c; path = ../../../src/malka/lua/lmem.c; sourceTree = "<group>"; };
		21D5A48717251FAD006F53BF /* lmem.h */ = {isa = PBXFileReference; fileEncoding = 4; lastKnownFileType = sourcecode.c.h; name = lmem.h; path = ../../../src/malka/lua/lmem.h; sourceTree = "<group>"; };
		21D5A48817251FAD006F53BF /* loadlib.c */ = {isa = PBXFileReference; fileEncoding = 4; lastKnownFileType = sourcecode.c.c; name = loadlib.c; path = ../../../src/malka/lua/loadlib.c; sourceTree = "<group>"; };
		21D5A48917251FAD006F53BF /* lobject.c */ = {isa = PBXFileReference; fileEncoding = 4; lastKnownFileType = sourcecode.c.c; name = lobject.c; path = ../../../src/malka/lua/lobject.c; sourceTree = "<group>"; };
		21D5A48A17251FAD006F53BF /* lobject.h */ = {isa = PBXFileReference; fileEncoding = 4; lastKnownFileType = sourcecode.c.h; name = lobject.h; path = ../../../src/malka/lua/lobject.h; sourceTree = "<group>"; };
		21D5A48B17251FAD006F53BF /* lopcodes.c */ = {isa = PBXFileReference; fileEncoding = 4; lastKnownFileType = sourcecode.c.c; name = lopcodes.c; path = ../../../src/malka/lua/lopcodes.c; sourceTree = "<group>"; };
		21D5A48C17251FAD006F53BF /* lopcodes.h */ = {isa = PBXFileReference; fileEncoding = 4; lastKnownFileType = sourcecode.c.h; name = lopcodes.h; path = ../../../src/malka/lua/lopcodes.h; sourceTree = "<group>"; };
		21D5A48D17251FAD006F53BF /* loslib.c */ = {isa = PBXFileReference; fileEncoding = 4; lastKnownFileType = sourcecode.c.c; name = loslib.c; path = ../../../src/malka/lua/loslib.c; sourceTree = "<group>"; };
		21D5A48E17251FAD006F53BF /* lparser.c */ = {isa = PBXFileReference; fileEncoding = 4; lastKnownFileType = sourcecode.c.c; name = lparser.c; path = ../../../src/malka/lua/lparser.c; sourceTree = "<group>"; };
		21D5A48F17251FAD006F53BF /* lparser.h */ = {isa = PBXFileReference; fileEncoding = 4; lastKnownFileType = sourcecode.c.h; name = lparser.h; path = ../../../src/malka/lua/lparser.h; sourceTree = "<group>"; };
		21D5A49017251FAD006F53BF /* lstate.c */ = {isa = PBXFileReference; fileEncoding = 4; lastKnownFileType = sourcecode.c.c; name = lstate.c; path = ../../../src/malka/lua/lstate.c; sourceTree = "<group>"; };
		21D5A49117251FAD006F53BF /* lstate.h */ = {isa = PBXFileReference; fileEncoding = 4; lastKnownFileType = sourcecode.c.h; name = lstate.h; path = ../../../src/malka/lua/lstate.h; sourceTree = "<group>"; };
		21D5A49217251FAD006F53BF /* lstring.c */ = {isa = PBXFileReference; fileEncoding = 4; lastKnownFileType = sourcecode.c.c; name = lstring.c; path = ../../../src/malka/lua/lstring.c; sourceTree = "<group>"; };
		21D5A49317251FAD006F53BF /* lstring.h */ = {isa = PBXFileReference; fileEncoding = 4; lastKnownFileType = sourcecode.c.h; name = lstring.h; path = ../../../src/malka/lua/lstring.h; sourceTree = "<group>"; };
		21D5A49417251FAD006F53BF /* lstrlib.c */ = {isa = PBXFileReference; fileEncoding = 4; lastKnownFileType = sourcecode.c.c; name = lstrlib.c; path = ../../../src/malka/lua/lstrlib.c; sourceTree = "<group>"; };
		21D5A49517251FAD006F53BF /* ltable.c */ = {isa = PBXFileReference; fileEncoding = 4; lastKnownFileType = sourcecode.c.c; name = ltable.c; path = ../../../src/malka/lua/ltable.c; sourceTree = "<group>"; };
		21D5A49617251FAD006F53BF /* ltable.h */ = {isa = PBXFileReference; fileEncoding = 4; lastKnownFileType = sourcecode.c.h; name = ltable.h; path = ../../../src/malka/lua/ltable.h; sourceTree = "<group>"; };
		21D5A49717251FAD006F53BF /* ltablib.c */ = {isa = PBXFileReference; fileEncoding = 4; lastKnownFileType = sourcecode.c.c; name = ltablib.c; path = ../../../src/malka/lua/ltablib.c; sourceTree = "<group>"; };
		21D5A49817251FAD006F53BF /* ltm.c */ = {isa = PBXFileReference; fileEncoding = 4; lastKnownFileType = sourcecode.c.c; name = ltm.c; path = ../../../src/malka/lua/ltm.c; sourceTree = "<group>"; };
		21D5A49917251FAD006F53BF /* ltm.h */ = {isa = PBXFileReference; fileEncoding = 4; lastKnownFileType = sourcecode.c.h; name = ltm.h; path = ../../../src/malka/lua/ltm.h; sourceTree = "<group>"; };
		21D5A49A17251FAD006F53BF /* lua.h */ = {isa = PBXFileReference; fileEncoding = 4; lastKnownFileType = sourcecode.c.h; name = lua.h; path = ../../../src/malka/lua/lua.h; sourceTree = "<group>"; };
		21D5A49B17251FAD006F53BF /* luaconf.h */ = {isa = PBXFileReference; fileEncoding = 4; lastKnownFileType = sourcecode.c.h; name = luaconf.h; path = ../../../src/malka/lua/luaconf.h; sourceTree = "<group>"; };
		21D5A49C17251FAD006F53BF /* lualib.h */ = {isa = PBXFileReference; fileEncoding = 4; lastKnownFileType = sourcecode.c.h; name = lualib.h; path = ../../../src/malka/lua/lualib.h; sourceTree = "<group>"; };
		21D5A49D17251FAD006F53BF /* lundump.c */ = {isa = PBXFileReference; fileEncoding = 4; lastKnownFileType = sourcecode.c.c; name = lundump.c; path = ../../../src/malka/lua/lundump.c; sourceTree = "<group>"; };
		21D5A49E17251FAD006F53BF /* lundump.h */ = {isa = PBXFileReference; fileEncoding = 4; lastKnownFileType = sourcecode.c.h; name = lundump.h; path = ../../../src/malka/lua/lundump.h; sourceTree = "<group>"; };
		21D5A49F17251FAD006F53BF /* lvm.c */ = {isa = PBXFileReference; fileEncoding = 4; lastKnownFileType = sourcecode.c.c; name = lvm.c; path = ../../../src/malka/lua/lvm.c; sourceTree = "<group>"; };
		21D5A4A017251FAD006F53BF /* lvm.h */ = {isa = PBXFileReference; fileEncoding = 4; lastKnownFileType = sourcecode.c.h; name = lvm.h; path = ../../../src/malka/lua/lvm.h; sourceTree = "<group>"; };
		21D5A4A117251FAD006F53BF /* lzio.c */ = {isa = PBXFileReference; fileEncoding = 4; lastKnownFileType = sourcecode.c.c; name = lzio.c; path = ../../../src/malka/lua/lzio.c; sourceTree = "<group>"; };
		21D5A4A217251FAD006F53BF /* lzio.h */ = {isa = PBXFileReference; fileEncoding = 4; lastKnownFileType = sourcecode.c.h; name = lzio.h; path = ../../../src/malka/lua/lzio.h; sourceTree = "<group>"; };
		21D5A4A317251FAD006F53BF /* print.c */ = {isa = PBXFileReference; fileEncoding = 4; lastKnownFileType = sourcecode.c.c; name = print.c; path = ../../../src/malka/lua/print.c; sourceTree = "<group>"; };
		21D5A4C417251FC8006F53BF /* rune.c */ = {isa = PBXFileReference; fileEncoding = 4; lastKnownFileType = sourcecode.c.c; name = rune.c; path = "../../../src/lib9-utf/rune.c"; sourceTree = "<group>"; };
		21D5A4C517251FC8006F53BF /* runetype.c */ = {isa = PBXFileReference; fileEncoding = 4; lastKnownFileType = sourcecode.c.c; name = runetype.c; path = "../../../src/lib9-utf/runetype.c"; sourceTree = "<group>"; };
		21D5A4C617251FC8006F53BF /* runetypebody-6.0.0.h */ = {isa = PBXFileReference; fileEncoding = 4; lastKnownFileType = sourcecode.c.h; name = "runetypebody-6.0.0.h"; path = "../../../src/lib9-utf/runetypebody-6.0.0.h"; sourceTree = "<group>"; };
		21D5A4C717251FC8006F53BF /* utf.h */ = {isa = PBXFileReference; fileEncoding = 4; lastKnownFileType = sourcecode.c.h; name = utf.h; path = "../../../src/lib9-utf/utf.h"; sourceTree = "<group>"; };
		21D5A4C817251FC8006F53BF /* utfdef.h */ = {isa = PBXFileReference; fileEncoding = 4; lastKnownFileType = sourcecode.c.h; name = utfdef.h; path = "../../../src/lib9-utf/utfdef.h"; sourceTree = "<group>"; };
		21D5A4C917251FC8006F53BF /* utfecpy.c */ = {isa = PBXFileReference; fileEncoding = 4; lastKnownFileType = sourcecode.c.c; name = utfecpy.c; path = "../../../src/lib9-utf/utfecpy.c"; sourceTree = "<group>"; };
		21D5A4CA17251FC8006F53BF /* utflen.c */ = {isa = PBXFileReference; fileEncoding = 4; lastKnownFileType = sourcecode.c.c; name = utflen.c; path = "../../../src/lib9-utf/utflen.c"; sourceTree = "<group>"; };
		21D5A4CB17251FC8006F53BF /* utfnlen.c */ = {isa = PBXFileReference; fileEncoding = 4; lastKnownFileType = sourcecode.c.c; name = utfnlen.c; path = "../../../src/lib9-utf/utfnlen.c"; sourceTree = "<group>"; };
		21D5A4CC17251FC8006F53BF /* utfrrune.c */ = {isa = PBXFileReference; fileEncoding = 4; lastKnownFileType = sourcecode.c.c; name = utfrrune.c; path = "../../../src/lib9-utf/utfrrune.c"; sourceTree = "<group>"; };
		21D5A4CD17251FC8006F53BF /* utfrune.c */ = {isa = PBXFileReference; fileEncoding = 4; lastKnownFileType = sourcecode.c.c; name = utfrune.c; path = "../../../src/lib9-utf/utfrune.c"; sourceTree = "<group>"; };
		21D5A4CE17251FC8006F53BF /* utfutf.c */ = {isa = PBXFileReference; fileEncoding = 4; lastKnownFileType = sourcecode.c.c; name = utfutf.c; path = "../../../src/lib9-utf/utfutf.c"; sourceTree = "<group>"; };
		21D5A4D717251FD9006F53BF /* spalva.c */ = {isa = PBXFileReference; fileEncoding = 4; lastKnownFileType = sourcecode.c.c; name = spalva.c; path = ../../spalva.c; sourceTree = "<group>"; };
		21D5A4DA17252008006F53BF /* spalva_assets */ = {isa = PBXFileReference; lastKnownFileType = folder; name = spalva_assets; path = ../spalva_assets; sourceTree = "<group>"; };
		21D5A4DB17252008006F53BF /* spalva_scripts */ = {isa = PBXFileReference; lastKnownFileType = folder; name = spalva_scripts; path = ../spalva_scripts; sourceTree = "<group>"; };
		21D5A4DE17252171006F53BF /* OpenAL.framework */ = {isa = PBXFileReference; lastKnownFileType = wrapper.framework; name = OpenAL.framework; path = System/Library/Frameworks/OpenAL.framework; sourceTree = SDKROOT; };
		21D5A4DF17252171006F53BF /* OpenGLES.framework */ = {isa = PBXFileReference; lastKnownFileType = wrapper.framework; name = OpenGLES.framework; path = System/Library/Frameworks/OpenGLES.framework; sourceTree = SDKROOT; };
		21D5A4E2172521A3006F53BF /* Social.framework */ = {isa = PBXFileReference; lastKnownFileType = wrapper.framework; name = Social.framework; path = System/Library/Frameworks/Social.framework; sourceTree = SDKROOT; };
		21D5A4E4172521EC006F53BF /* CFNetwork.framework */ = {isa = PBXFileReference; lastKnownFileType = wrapper.framework; name = CFNetwork.framework; path = System/Library/Frameworks/CFNetwork.framework; sourceTree = SDKROOT; };
		21D5A4E5172521EC006F53BF /* CoreAudio.framework */ = {isa = PBXFileReference; lastKnownFileType = wrapper.framework; name = CoreAudio.framework; path = System/Library/Frameworks/CoreAudio.framework; sourceTree = SDKROOT; };
		21D5A4E6172521EC006F53BF /* CoreData.framework */ = {isa = PBXFileReference; lastKnownFileType = wrapper.framework; name = CoreData.framework; path = System/Library/Frameworks/CoreData.framework; sourceTree = SDKROOT; };
		21D5A4E7172521EC006F53BF /* GameKit.framework */ = {isa = PBXFileReference; lastKnownFileType = wrapper.framework; name = GameKit.framework; path = System/Library/Frameworks/GameKit.framework; sourceTree = SDKROOT; };
		21D5A4E8172521EC006F53BF /* MediaPlayer.framework */ = {isa = PBXFileReference; lastKnownFileType = wrapper.framework; name = MediaPlayer.framework; path = System/Library/Frameworks/MediaPlayer.framework; sourceTree = SDKROOT; };
		21D5A4E9172521EC006F53BF /* MessageUI.framework */ = {isa = PBXFileReference; lastKnownFileType = wrapper.framework; name = MessageUI.framework; path = System/Library/Frameworks/MessageUI.framework; sourceTree = SDKROOT; };
		21D5A4EA172521EC006F53BF /* MobileCoreServices.framework */ = {isa = PBXFileReference; lastKnownFileType = wrapper.framework; name = MobileCoreServices.framework; path = System/Library/Frameworks/MobileCoreServices.framework; sourceTree = SDKROOT; };
		21D5A4EB172521EC006F53BF /* StoreKit.framework */ = {isa = PBXFileReference; lastKnownFileType = wrapper.framework; name = StoreKit.framework; path = System/Library/Frameworks/StoreKit.framework; sourceTree = SDKROOT; };
		21D5A4F517252217006F53BF /* ASIAuthenticationDialog.h */ = {isa = PBXFileReference; fileEncoding = 4; lastKnownFileType = sourcecode.c.h; name = ASIAuthenticationDialog.h; path = "../../../src/asi-http-request/ASIAuthenticationDialog.h"; sourceTree = "<group>"; };
		21D5A4F617252217006F53BF /* ASIAuthenticationDialog.m */ = {isa = PBXFileReference; fileEncoding = 4; lastKnownFileType = sourcecode.c.objc; name = ASIAuthenticationDialog.m; path = "../../../src/asi-http-request/ASIAuthenticationDialog.m"; sourceTree = "<group>"; };
		21D5A4F717252217006F53BF /* ASICacheDelegate.h */ = {isa = PBXFileReference; fileEncoding = 4; lastKnownFileType = sourcecode.c.h; name = ASICacheDelegate.h; path = "../../../src/asi-http-request/ASICacheDelegate.h"; sourceTree = "<group>"; };
		21D5A4F817252217006F53BF /* ASIDataCompressor.h */ = {isa = PBXFileReference; fileEncoding = 4; lastKnownFileType = sourcecode.c.h; name = ASIDataCompressor.h; path = "../../../src/asi-http-request/ASIDataCompressor.h"; sourceTree = "<group>"; };
		21D5A4F917252217006F53BF /* ASIDataCompressor.m */ = {isa = PBXFileReference; fileEncoding = 4; lastKnownFileType = sourcecode.c.objc; name = ASIDataCompressor.m; path = "../../../src/asi-http-request/ASIDataCompressor.m"; sourceTree = "<group>"; };
		21D5A4FA17252217006F53BF /* ASIDataDecompressor.h */ = {isa = PBXFileReference; fileEncoding = 4; lastKnownFileType = sourcecode.c.h; name = ASIDataDecompressor.h; path = "../../../src/asi-http-request/ASIDataDecompressor.h"; sourceTree = "<group>"; };
		21D5A4FB17252217006F53BF /* ASIDataDecompressor.m */ = {isa = PBXFileReference; fileEncoding = 4; lastKnownFileType = sourcecode.c.objc; name = ASIDataDecompressor.m; path = "../../../src/asi-http-request/ASIDataDecompressor.m"; sourceTree = "<group>"; };
		21D5A4FC17252217006F53BF /* ASIDownloadCache.h */ = {isa = PBXFileReference; fileEncoding = 4; lastKnownFileType = sourcecode.c.h; name = ASIDownloadCache.h; path = "../../../src/asi-http-request/ASIDownloadCache.h"; sourceTree = "<group>"; };
		21D5A4FD17252217006F53BF /* ASIDownloadCache.m */ = {isa = PBXFileReference; fileEncoding = 4; lastKnownFileType = sourcecode.c.objc; name = ASIDownloadCache.m; path = "../../../src/asi-http-request/ASIDownloadCache.m"; sourceTree = "<group>"; };
		21D5A4FE17252217006F53BF /* ASIFormDataRequest.h */ = {isa = PBXFileReference; fileEncoding = 4; lastKnownFileType = sourcecode.c.h; name = ASIFormDataRequest.h; path = "../../../src/asi-http-request/ASIFormDataRequest.h"; sourceTree = "<group>"; };
		21D5A4FF17252217006F53BF /* ASIFormDataRequest.m */ = {isa = PBXFileReference; fileEncoding = 4; lastKnownFileType = sourcecode.c.objc; name = ASIFormDataRequest.m; path = "../../../src/asi-http-request/ASIFormDataRequest.m"; sourceTree = "<group>"; };
		21D5A50017252217006F53BF /* ASIHTTPRequest.h */ = {isa = PBXFileReference; fileEncoding = 4; lastKnownFileType = sourcecode.c.h; name = ASIHTTPRequest.h; path = "../../../src/asi-http-request/ASIHTTPRequest.h"; sourceTree = "<group>"; };
		21D5A50117252217006F53BF /* ASIHTTPRequest.m */ = {isa = PBXFileReference; fileEncoding = 4; lastKnownFileType = sourcecode.c.objc; name = ASIHTTPRequest.m; path = "../../../src/asi-http-request/ASIHTTPRequest.m"; sourceTree = "<group>"; };
		21D5A50217252217006F53BF /* ASIHTTPRequestConfig.h */ = {isa = PBXFileReference; fileEncoding = 4; lastKnownFileType = sourcecode.c.h; name = ASIHTTPRequestConfig.h; path = "../../../src/asi-http-request/ASIHTTPRequestConfig.h"; sourceTree = "<group>"; };
		21D5A50317252217006F53BF /* ASIHTTPRequestDelegate.h */ = {isa = PBXFileReference; fileEncoding = 4; lastKnownFileType = sourcecode.c.h; name = ASIHTTPRequestDelegate.h; path = "../../../src/asi-http-request/ASIHTTPRequestDelegate.h"; sourceTree = "<group>"; };
		21D5A50417252217006F53BF /* ASIInputStream.h */ = {isa = PBXFileReference; fileEncoding = 4; lastKnownFileType = sourcecode.c.h; name = ASIInputStream.h; path = "../../../src/asi-http-request/ASIInputStream.h"; sourceTree = "<group>"; };
		21D5A50517252217006F53BF /* ASIInputStream.m */ = {isa = PBXFileReference; fileEncoding = 4; lastKnownFileType = sourcecode.c.objc; name = ASIInputStream.m; path = "../../../src/asi-http-request/ASIInputStream.m"; sourceTree = "<group>"; };
		21D5A50617252217006F53BF /* ASINetworkQueue.h */ = {isa = PBXFileReference; fileEncoding = 4; lastKnownFileType = sourcecode.c.h; name = ASINetworkQueue.h; path = "../../../src/asi-http-request/ASINetworkQueue.h"; sourceTree = "<group>"; };
		21D5A50717252217006F53BF /* ASINetworkQueue.m */ = {isa = PBXFileReference; fileEncoding = 4; lastKnownFileType = sourcecode.c.objc; name = ASINetworkQueue.m; path = "../../../src/asi-http-request/ASINetworkQueue.m"; sourceTree = "<group>"; };
		21D5A50817252217006F53BF /* ASIProgressDelegate.h */ = {isa = PBXFileReference; fileEncoding = 4; lastKnownFileType = sourcecode.c.h; name = ASIProgressDelegate.h; path = "../../../src/asi-http-request/ASIProgressDelegate.h"; sourceTree = "<group>"; };
		21D5A50917252217006F53BF /* Reachability.h */ = {isa = PBXFileReference; fileEncoding = 4; lastKnownFileType = sourcecode.c.h; name = Reachability.h; path = "../../../src/asi-http-request/Reachability.h"; sourceTree = "<group>"; };
		21D5A50A17252217006F53BF /* Reachability.m */ = {isa = PBXFileReference; fileEncoding = 4; lastKnownFileType = sourcecode.c.objc; name = Reachability.m; path = "../../../src/asi-http-request/Reachability.m"; sourceTree = "<group>"; };
		21D5A51417252233006F53BF /* AVFoundation.framework */ = {isa = PBXFileReference; lastKnownFileType = wrapper.framework; name = AVFoundation.framework; path = System/Library/Frameworks/AVFoundation.framework; sourceTree = SDKROOT; };
		21D5A51617252252006F53BF /* SystemConfiguration.framework */ = {isa = PBXFileReference; lastKnownFileType = wrapper.framework; name = SystemConfiguration.framework; path = System/Library/Frameworks/SystemConfiguration.framework; sourceTree = SDKROOT; };
		21D5A51817252287006F53BF /* QuartzCore.framework */ = {isa = PBXFileReference; lastKnownFileType = wrapper.framework; name = QuartzCore.framework; path = System/Library/Frameworks/QuartzCore.framework; sourceTree = SDKROOT; };
		21D5A51A17252293006F53BF /* Twitter.framework */ = {isa = PBXFileReference; lastKnownFileType = wrapper.framework; name = Twitter.framework; path = System/Library/Frameworks/Twitter.framework; sourceTree = SDKROOT; };
		21D5A51C172522D9006F53BF /* libz.dylib */ = {isa = PBXFileReference; lastKnownFileType = "compiled.mach-o.dylib"; name = libz.dylib; path = usr/lib/libz.dylib; sourceTree = SDKROOT; };
		21D5A51E17252311006F53BF /* miniz.c */ = {isa = PBXFileReference; fileEncoding = 4; lastKnownFileType = sourcecode.c.c; name = miniz.c; path = ../../../src/miniz.c; sourceTree = "<group>"; };
/* End PBXFileReference section */

/* Begin PBXFrameworksBuildPhase section */
		21D5A39E17251E2E006F53BF /* Frameworks */ = {
			isa = PBXFrameworksBuildPhase;
			buildActionMask = 2147483647;
			files = (
				21D5A51D172522D9006F53BF /* libz.dylib in Frameworks */,
				21D5A51B17252293006F53BF /* Twitter.framework in Frameworks */,
				21D5A51917252287006F53BF /* QuartzCore.framework in Frameworks */,
				21D5A51717252252006F53BF /* SystemConfiguration.framework in Frameworks */,
				21D5A51517252233006F53BF /* AVFoundation.framework in Frameworks */,
				21D5A4EC172521EC006F53BF /* CFNetwork.framework in Frameworks */,
				21D5A4ED172521EC006F53BF /* CoreAudio.framework in Frameworks */,
				21D5A4EE172521EC006F53BF /* CoreData.framework in Frameworks */,
				21D5A4EF172521EC006F53BF /* GameKit.framework in Frameworks */,
				21D5A4F0172521EC006F53BF /* MediaPlayer.framework in Frameworks */,
				21D5A4F1172521EC006F53BF /* MessageUI.framework in Frameworks */,
				21D5A4F2172521EC006F53BF /* MobileCoreServices.framework in Frameworks */,
				21D5A4F3172521EC006F53BF /* StoreKit.framework in Frameworks */,
				21D5A4E3172521A3006F53BF /* Social.framework in Frameworks */,
				21D5A4E017252171006F53BF /* OpenAL.framework in Frameworks */,
				21D5A4E117252171006F53BF /* OpenGLES.framework in Frameworks */,
				21D5A3A517251E2E006F53BF /* UIKit.framework in Frameworks */,
				21D5A3A717251E2E006F53BF /* Foundation.framework in Frameworks */,
				21D5A3A917251E2E006F53BF /* CoreGraphics.framework in Frameworks */,
			);
			runOnlyForDeploymentPostprocessing = 0;
		};
/* End PBXFrameworksBuildPhase section */

/* Begin PBXGroup section */
		21D5A39817251E2E006F53BF = {
			isa = PBXGroup;
			children = (
				21D5A3C117251E70006F53BF /* dgreed */,
				21D5A3AA17251E2E006F53BF /* spalva */,
				21D5A4D917251FE2006F53BF /* Resources */,
				21D5A3A317251E2E006F53BF /* Frameworks */,
				21D5A3A217251E2E006F53BF /* Products */,
			);
			sourceTree = "<group>";
		};
		21D5A3A217251E2E006F53BF /* Products */ = {
			isa = PBXGroup;
			children = (
				21D5A3A117251E2E006F53BF /* spalva.app */,
			);
			name = Products;
			sourceTree = "<group>";
		};
		21D5A3A317251E2E006F53BF /* Frameworks */ = {
			isa = PBXGroup;
			children = (
				21D5A51C172522D9006F53BF /* libz.dylib */,
				21D5A51A17252293006F53BF /* Twitter.framework */,
				21D5A51817252287006F53BF /* QuartzCore.framework */,
				21D5A51617252252006F53BF /* SystemConfiguration.framework */,
				21D5A51417252233006F53BF /* AVFoundation.framework */,
				21D5A4E4172521EC006F53BF /* CFNetwork.framework */,
				21D5A4E5172521EC006F53BF /* CoreAudio.framework */,
				21D5A4E6172521EC006F53BF /* CoreData.framework */,
				21D5A4E7172521EC006F53BF /* GameKit.framework */,
				21D5A4E8172521EC006F53BF /* MediaPlayer.framework */,
				21D5A4E9172521EC006F53BF /* MessageUI.framework */,
				21D5A4EA172521EC006F53BF /* MobileCoreServices.framework */,
				21D5A4EB172521EC006F53BF /* StoreKit.framework */,
				21D5A4E2172521A3006F53BF /* Social.framework */,
				21D5A4DE17252171006F53BF /* OpenAL.framework */,
				21D5A4DF17252171006F53BF /* OpenGLES.framework */,
				21D5A3A417251E2E006F53BF /* UIKit.framework */,
				21D5A3A617251E2E006F53BF /* Foundation.framework */,
				21D5A3A817251E2E006F53BF /* CoreGraphics.framework */,
			);
			name = Frameworks;
			sourceTree = "<group>";
		};
		21D5A3AA17251E2E006F53BF /* spalva */ = {
			isa = PBXGroup;
			children = (
				21D5A4D717251FD9006F53BF /* spalva.c */,
				21D5A3AB17251E2E006F53BF /* Supporting Files */,
			);
			path = spalva;
			sourceTree = "<group>";
		};
		21D5A3AB17251E2E006F53BF /* Supporting Files */ = {
			isa = PBXGroup;
			children = (
				21D5A3AC17251E2E006F53BF /* spalva-Info.plist */,
				21D5A3B617251E2E006F53BF /* Default.png */,
				21D5A3B817251E2E006F53BF /* Default@2x.png */,
				21D5A3BA17251E2E006F53BF /* Default-568h@2x.png */,
			);
			name = "Supporting Files";
			sourceTree = "<group>";
		};
		21D5A3C117251E70006F53BF /* dgreed */ = {
			isa = PBXGroup;
			children = (
				21D5A4F417252204006F53BF /* asi-http-request */,
				21D5A4C317251FB5006F53BF /* libutf8 */,
				21D5A44617251F34006F53BF /* malka */,
				21D5A3C217251F30006F53BF /* anim.c */,
				21D5A3C317251F30006F53BF /* anim.h */,
				21D5A51E17252311006F53BF /* miniz.c */,
				21D5A3C417251F30006F53BF /* async.c */,
				21D5A3C517251F30006F53BF /* async.h */,
				21D5A3C617251F30006F53BF /* AutoRotateViewController.h */,
				21D5A3C717251F30006F53BF /* AutoRotateViewController.m */,
				21D5A3C817251F30006F53BF /* camera.h */,
				21D5A3C917251F30006F53BF /* camera.m */,
				21D5A3CA17251F30006F53BF /* coldet.c */,
				21D5A3CB17251F30006F53BF /* coldet.h */,
				21D5A3CC17251F30006F53BF /* darray.c */,
				21D5A3CD17251F30006F53BF /* darray.h */,
				21D5A3CE17251F30006F53BF /* datastruct.c */,
				21D5A3CF17251F30006F53BF /* datastruct.h */,
				21D5A3D017251F30006F53BF /* DGreedAppDelegate.h */,
				21D5A3D117251F30006F53BF /* DGreedAppDelegate.m */,
				21D5A3D217251F30006F53BF /* font.c */,
				21D5A3D317251F30006F53BF /* font.h */,
				21D5A3D417251F30006F53BF /* gamecenter.h */,
				21D5A3D517251F30006F53BF /* gamecenter.m */,
				21D5A3D617251F30006F53BF /* gfx_utils.c */,
				21D5A3D717251F30006F53BF /* gfx_utils.h */,
				21D5A3D817251F30006F53BF /* GLESView.h */,
				21D5A3D917251F30006F53BF /* GLESView.m */,
				21D5A3DA17251F30006F53BF /* GLESViewController.h */,
				21D5A3DB17251F30006F53BF /* GLESViewController.m */,
				21D5A3DC17251F30006F53BF /* gui.c */,
				21D5A3DD17251F30006F53BF /* gui.h */,
				21D5A3DE17251F30006F53BF /* http.h */,
				21D5A3DF17251F30006F53BF /* http.m */,
				21D5A3E017251F30006F53BF /* iap.h */,
				21D5A3E117251F30006F53BF /* iap.m */,
				21D5A3E217251F30006F53BF /* image.c */,
				21D5A3E317251F30006F53BF /* image.h */,
				21D5A3E417251F30006F53BF /* keyval.c */,
				21D5A3E517251F30006F53BF /* keyval.h */,
				21D5A3E617251F30006F53BF /* localization.c */,
				21D5A3E717251F30006F53BF /* localization.h */,
				21D5A3E817251F30006F53BF /* lz4.c */,
				21D5A3E917251F30006F53BF /* lz4.h */,
				21D5A3EA17251F30006F53BF /* lz4hc.c */,
				21D5A3EB17251F30006F53BF /* lz4hc.h */,
				21D5A3EC17251F30006F53BF /* memlin.c */,
				21D5A3ED17251F30006F53BF /* memlin.h */,
				21D5A3EE17251F30006F53BF /* memory.c */,
				21D5A3EF17251F30006F53BF /* memory.h */,
				21D5A3F017251F30006F53BF /* mempool.c */,
				21D5A3F117251F30006F53BF /* mempool.h */,
				21D5A3F217251F30006F53BF /* mfx.c */,
				21D5A3F317251F30006F53BF /* mfx.h */,
				21D5A3F517251F30006F53BF /* mml.c */,
				21D5A3F617251F30006F53BF /* mml.h */,
				21D5A3F717251F30006F53BF /* NSFileManager+DirectoryLocations.h */,
				21D5A3F817251F30006F53BF /* NSFileManager+DirectoryLocations.m */,
				21D5A3F917251F30006F53BF /* particles.c */,
				21D5A3FA17251F30006F53BF /* particles.h */,
				21D5A3FB17251F30006F53BF /* sophist.h */,
				21D5A3FC17251F30006F53BF /* sprsheet.c */,
				21D5A3FD17251F30006F53BF /* sprsheet.h */,
				21D5A3FE17251F30006F53BF /* stb_truetype.h */,
				21D5A3FF17251F30006F53BF /* sys_gfx_ios.m */,
				21D5A40017251F30006F53BF /* sys_gfx.h */,
				21D5A40117251F30006F53BF /* sys_misc_ios.m */,
				21D5A40217251F30006F53BF /* sys_snd_ios.m */,
				21D5A40317251F30006F53BF /* sys_snd.h */,
				21D5A40417251F30006F53BF /* system.h */,
				21D5A40517251F30006F53BF /* TextCapturerView.h */,
				21D5A40617251F30006F53BF /* TextCapturerView.m */,
				21D5A40717251F30006F53BF /* tilemap.c */,
				21D5A40817251F30006F53BF /* tilemap.h */,
				21D5A40917251F30006F53BF /* touch_ctrls.c */,
				21D5A40A17251F30006F53BF /* touch_ctrls.h */,
				21D5A40B17251F30006F53BF /* tweakables.c */,
				21D5A40C17251F30006F53BF /* tweakables.h */,
				21D5A40D17251F30006F53BF /* uidesc.c */,
				21D5A40E17251F30006F53BF /* uidesc.h */,
				21D5A40F17251F30006F53BF /* UIImage+Resize.h */,
				21D5A41017251F30006F53BF /* UIImage+Resize.m */,
				21D5A41117251F30006F53BF /* utils.c */,
				21D5A41217251F30006F53BF /* utils.h */,
				21D5A41317251F30006F53BF /* vfont_stbtt.c */,
				21D5A41417251F30006F53BF /* vfont.c */,
				21D5A41517251F30006F53BF /* vfont.h */,
				21D5A41617251F30006F53BF /* vfs.c */,
				21D5A41717251F30006F53BF /* vfs.h */,
				21D5A41817251F30006F53BF /* wav.c */,
				21D5A41917251F30006F53BF /* wav.h */,
			);
			name = dgreed;
			sourceTree = "<group>";
		};
		21D5A44617251F34006F53BF /* malka */ = {
			isa = PBXGroup;
			children = (
				21D5A44717251F3E006F53BF /* lua */,
				21D5A44817251F77006F53BF /* lua_utf8.c */,
				21D5A44917251F77006F53BF /* malka.c */,
				21D5A44A17251F77006F53BF /* malka.h */,
				21D5A44B17251F77006F53BF /* ml_anim.c */,
				21D5A44C17251F77006F53BF /* ml_coldet.c */,
				21D5A44D17251F77006F53BF /* ml_common.h */,
				21D5A44E17251F77006F53BF /* ml_gamecenter.c */,
				21D5A44F17251F77006F53BF /* ml_http.c */,
				21D5A45017251F77006F53BF /* ml_iap.c */,
				21D5A45117251F77006F53BF /* ml_keyval.c */,
				21D5A45217251F77006F53BF /* ml_localization.c */,
				21D5A45317251F77006F53BF /* ml_mfx.c */,
				21D5A45417251F77006F53BF /* ml_mml.c */,
				21D5A45517251F77006F53BF /* ml_os.c */,
				21D5A45617251F77006F53BF /* ml_sprsheet.c */,
				21D5A45717251F77006F53BF /* ml_states.c */,
				21D5A45817251F77006F53BF /* ml_states.h */,
				21D5A45917251F77006F53BF /* ml_system.c */,
				21D5A45A17251F77006F53BF /* ml_utils.c */,
				21D5A45B17251F77006F53BF /* profiler.c */,
				21D5A45C17251F77006F53BF /* profiler.h */,
			);
			name = malka;
			sourceTree = "<group>";
		};
		21D5A44717251F3E006F53BF /* lua */ = {
			isa = PBXGroup;
			children = (
				21D5A46E17251FAD006F53BF /* bit.c */,
				21D5A46F17251FAD006F53BF /* lapi.c */,
				21D5A47017251FAD006F53BF /* lapi.h */,
				21D5A47117251FAD006F53BF /* lauxlib.c */,
				21D5A47217251FAD006F53BF /* lauxlib.h */,
				21D5A47317251FAD006F53BF /* lbaselib.c */,
				21D5A47417251FAD006F53BF /* lcode.c */,
				21D5A47517251FAD006F53BF /* lcode.h */,
				21D5A47617251FAD006F53BF /* ldblib.c */,
				21D5A47717251FAD006F53BF /* ldebug.c */,
				21D5A47817251FAD006F53BF /* ldebug.h */,
				21D5A47917251FAD006F53BF /* ldo.c */,
				21D5A47A17251FAD006F53BF /* ldo.h */,
				21D5A47B17251FAD006F53BF /* ldump.c */,
				21D5A47C17251FAD006F53BF /* lfunc.c */,
				21D5A47D17251FAD006F53BF /* lfunc.h */,
				21D5A47E17251FAD006F53BF /* lgc.c */,
				21D5A47F17251FAD006F53BF /* lgc.h */,
				21D5A48017251FAD006F53BF /* linit.c */,
				21D5A48117251FAD006F53BF /* liolib.c */,
				21D5A48217251FAD006F53BF /* llex.c */,
				21D5A48317251FAD006F53BF /* llex.h */,
				21D5A48417251FAD006F53BF /* llimits.h */,
				21D5A48517251FAD006F53BF /* lmathlib.c */,
				21D5A48617251FAD006F53BF /* lmem.c */,
				21D5A48717251FAD006F53BF /* lmem.h */,
				21D5A48817251FAD006F53BF /* loadlib.c */,
				21D5A48917251FAD006F53BF /* lobject.c */,
				21D5A48A17251FAD006F53BF /* lobject.h */,
				21D5A48B17251FAD006F53BF /* lopcodes.c */,
				21D5A48C17251FAD006F53BF /* lopcodes.h */,
				21D5A48D17251FAD006F53BF /* loslib.c */,
				21D5A48E17251FAD006F53BF /* lparser.c */,
				21D5A48F17251FAD006F53BF /* lparser.h */,
				21D5A49017251FAD006F53BF /* lstate.c */,
				21D5A49117251FAD006F53BF /* lstate.h */,
				21D5A49217251FAD006F53BF /* lstring.c */,
				21D5A49317251FAD006F53BF /* lstring.h */,
				21D5A49417251FAD006F53BF /* lstrlib.c */,
				21D5A49517251FAD006F53BF /* ltable.c */,
				21D5A49617251FAD006F53BF /* ltable.h */,
				21D5A49717251FAD006F53BF /* ltablib.c */,
				21D5A49817251FAD006F53BF /* ltm.c */,
				21D5A49917251FAD006F53BF /* ltm.h */,
				21D5A49A17251FAD006F53BF /* lua.h */,
				21D5A49B17251FAD006F53BF /* luaconf.h */,
				21D5A49C17251FAD006F53BF /* lualib.h */,
				21D5A49D17251FAD006F53BF /* lundump.c */,
				21D5A49E17251FAD006F53BF /* lundump.h */,
				21D5A49F17251FAD006F53BF /* lvm.c */,
				21D5A4A017251FAD006F53BF /* lvm.h */,
				21D5A4A117251FAD006F53BF /* lzio.c */,
				21D5A4A217251FAD006F53BF /* lzio.h */,
				21D5A4A317251FAD006F53BF /* print.c */,
			);
			name = lua;
			sourceTree = "<group>";
		};
		21D5A4C317251FB5006F53BF /* libutf8 */ = {
			isa = PBXGroup;
			children = (
				21D5A4C417251FC8006F53BF /* rune.c */,
				21D5A4C517251FC8006F53BF /* runetype.c */,
				21D5A4C617251FC8006F53BF /* runetypebody-6.0.0.h */,
				21D5A4C717251FC8006F53BF /* utf.h */,
				21D5A4C817251FC8006F53BF /* utfdef.h */,
				21D5A4C917251FC8006F53BF /* utfecpy.c */,
				21D5A4CA17251FC8006F53BF /* utflen.c */,
				21D5A4CB17251FC8006F53BF /* utfnlen.c */,
				21D5A4CC17251FC8006F53BF /* utfrrune.c */,
				21D5A4CD17251FC8006F53BF /* utfrune.c */,
				21D5A4CE17251FC8006F53BF /* utfutf.c */,
			);
			name = libutf8;
			sourceTree = "<group>";
		};
		21D5A4D917251FE2006F53BF /* Resources */ = {
			isa = PBXGroup;
			children = (
				21D5A4DA17252008006F53BF /* spalva_assets */,
				21D5A4DB17252008006F53BF /* spalva_scripts */,
			);
			name = Resources;
			sourceTree = "<group>";
		};
		21D5A4F417252204006F53BF /* asi-http-request */ = {
			isa = PBXGroup;
			children = (
				21D5A4F517252217006F53BF /* ASIAuthenticationDialog.h */,
				21D5A4F617252217006F53BF /* ASIAuthenticationDialog.m */,
				21D5A4F717252217006F53BF /* ASICacheDelegate.h */,
				21D5A4F817252217006F53BF /* ASIDataCompressor.h */,
				21D5A4F917252217006F53BF /* ASIDataCompressor.m */,
				21D5A4FA17252217006F53BF /* ASIDataDecompressor.h */,
				21D5A4FB17252217006F53BF /* ASIDataDecompressor.m */,
				21D5A4FC17252217006F53BF /* ASIDownloadCache.h */,
				21D5A4FD17252217006F53BF /* ASIDownloadCache.m */,
				21D5A4FE17252217006F53BF /* ASIFormDataRequest.h */,
				21D5A4FF17252217006F53BF /* ASIFormDataRequest.m */,
				21D5A50017252217006F53BF /* ASIHTTPRequest.h */,
				21D5A50117252217006F53BF /* ASIHTTPRequest.m */,
				21D5A50217252217006F53BF /* ASIHTTPRequestConfig.h */,
				21D5A50317252217006F53BF /* ASIHTTPRequestDelegate.h */,
				21D5A50417252217006F53BF /* ASIInputStream.h */,
				21D5A50517252217006F53BF /* ASIInputStream.m */,
				21D5A50617252217006F53BF /* ASINetworkQueue.h */,
				21D5A50717252217006F53BF /* ASINetworkQueue.m */,
				21D5A50817252217006F53BF /* ASIProgressDelegate.h */,
				21D5A50917252217006F53BF /* Reachability.h */,
				21D5A50A17252217006F53BF /* Reachability.m */,
			);
			name = "asi-http-request";
			sourceTree = "<group>";
		};
/* End PBXGroup section */

/* Begin PBXNativeTarget section */
		21D5A3A017251E2E006F53BF /* spalva */ = {
			isa = PBXNativeTarget;
			buildConfigurationList = 21D5A3BE17251E2E006F53BF /* Build configuration list for PBXNativeTarget "spalva" */;
			buildPhases = (
				21D5A39D17251E2E006F53BF /* Sources */,
				21D5A39E17251E2E006F53BF /* Frameworks */,
				21D5A39F17251E2E006F53BF /* Resources */,
			);
			buildRules = (
			);
			dependencies = (
			);
			name = spalva;
			productName = spalva;
			productReference = 21D5A3A117251E2E006F53BF /* spalva.app */;
			productType = "com.apple.product-type.application";
		};
/* End PBXNativeTarget section */

/* Begin PBXProject section */
		21D5A39917251E2E006F53BF /* Project object */ = {
			isa = PBXProject;
			attributes = {
				LastUpgradeCheck = 0460;
				ORGANIZATIONNAME = qbcode;
			};
			buildConfigurationList = 21D5A39C17251E2E006F53BF /* Build configuration list for PBXProject "spalva" */;
			compatibilityVersion = "Xcode 3.2";
			developmentRegion = English;
			hasScannedForEncodings = 0;
			knownRegions = (
				en,
			);
			mainGroup = 21D5A39817251E2E006F53BF;
			productRefGroup = 21D5A3A217251E2E006F53BF /* Products */;
			projectDirPath = "";
			projectRoot = "";
			targets = (
				21D5A3A017251E2E006F53BF /* spalva */,
			);
		};
/* End PBXProject section */

/* Begin PBXResourcesBuildPhase section */
		21D5A39F17251E2E006F53BF /* Resources */ = {
			isa = PBXResourcesBuildPhase;
			buildActionMask = 2147483647;
			files = (
				21D5A3B717251E2E006F53BF /* Default.png in Resources */,
				21D5A3B917251E2E006F53BF /* Default@2x.png in Resources */,
				21D5A3BB17251E2E006F53BF /* Default-568h@2x.png in Resources */,
				21D5A4DC17252008006F53BF /* spalva_assets in Resources */,
				21D5A4DD17252008006F53BF /* spalva_scripts in Resources */,
			);
			runOnlyForDeploymentPostprocessing = 0;
		};
/* End PBXResourcesBuildPhase section */

/* Begin PBXSourcesBuildPhase section */
		21D5A39D17251E2E006F53BF /* Sources */ = {
			isa = PBXSourcesBuildPhase;
			buildActionMask = 2147483647;
			files = (
				21D5A41A17251F30006F53BF /* anim.c in Sources */,
				21D5A41B17251F30006F53BF /* async.c in Sources */,
				21D5A41C17251F30006F53BF /* AutoRotateViewController.m in Sources */,
				21D5A41D17251F30006F53BF /* camera.m in Sources */,
				21D5A41E17251F30006F53BF /* coldet.c in Sources */,
				21D5A41F17251F30006F53BF /* darray.c in Sources */,
				21D5A42017251F30006F53BF /* datastruct.c in Sources */,
				21D5A42117251F30006F53BF /* DGreedAppDelegate.m in Sources */,
				21D5A42217251F30006F53BF /* font.c in Sources */,
				21D5A42317251F30006F53BF /* gamecenter.m in Sources */,
				21D5A42417251F30006F53BF /* gfx_utils.c in Sources */,
				21D5A42517251F30006F53BF /* GLESView.m in Sources */,
				21D5A42617251F30006F53BF /* GLESViewController.m in Sources */,
				21D5A42717251F30006F53BF /* gui.c in Sources */,
				21D5A42817251F30006F53BF /* http.m in Sources */,
				21D5A42917251F30006F53BF /* iap.m in Sources */,
				21D5A42A17251F30006F53BF /* image.c in Sources */,
				21D5A42B17251F30006F53BF /* keyval.c in Sources */,
				21D5A42C17251F30006F53BF /* localization.c in Sources */,
				21D5A42D17251F30006F53BF /* lz4.c in Sources */,
				21D5A42E17251F30006F53BF /* lz4hc.c in Sources */,
				21D5A42F17251F30006F53BF /* memlin.c in Sources */,
				21D5A43017251F30006F53BF /* memory.c in Sources */,
				21D5A43117251F30006F53BF /* mempool.c in Sources */,
				21D5A43217251F30006F53BF /* mfx.c in Sources */,
				21D5A43417251F30006F53BF /* mml.c in Sources */,
				21D5A43517251F30006F53BF /* NSFileManager+DirectoryLocations.m in Sources */,
				21D5A43617251F30006F53BF /* particles.c in Sources */,
				21D5A43717251F30006F53BF /* sprsheet.c in Sources */,
				21D5A43817251F30006F53BF /* sys_gfx_ios.m in Sources */,
				21D5A43917251F30006F53BF /* sys_misc_ios.m in Sources */,
				21D5A43A17251F30006F53BF /* sys_snd_ios.m in Sources */,
				21D5A43B17251F30006F53BF /* TextCapturerView.m in Sources */,
				21D5A43C17251F30006F53BF /* tilemap.c in Sources */,
				21D5A43D17251F30006F53BF /* touch_ctrls.c in Sources */,
				21D5A43E17251F30006F53BF /* tweakables.c in Sources */,
				21D5A43F17251F30006F53BF /* uidesc.c in Sources */,
				21D5A44017251F30006F53BF /* UIImage+Resize.m in Sources */,
				21D5A44117251F30006F53BF /* utils.c in Sources */,
				21D5A44217251F30006F53BF /* vfont_stbtt.c in Sources */,
				21D5A44317251F30006F53BF /* vfont.c in Sources */,
				21D5A44417251F30006F53BF /* vfs.c in Sources */,
				21D5A44517251F30006F53BF /* wav.c in Sources */,
				21D5A45D17251F77006F53BF /* lua_utf8.c in Sources */,
				21D5A45E17251F77006F53BF /* malka.c in Sources */,
				21D5A45F17251F77006F53BF /* ml_anim.c in Sources */,
				21D5A46017251F77006F53BF /* ml_coldet.c in Sources */,
				21D5A46117251F77006F53BF /* ml_gamecenter.c in Sources */,
				21D5A46217251F77006F53BF /* ml_http.c in Sources */,
				21D5A46317251F77006F53BF /* ml_iap.c in Sources */,
				21D5A46417251F77006F53BF /* ml_keyval.c in Sources */,
				21D5A46517251F77006F53BF /* ml_localization.c in Sources */,
				21D5A46617251F77006F53BF /* ml_mfx.c in Sources */,
				21D5A46717251F77006F53BF /* ml_mml.c in Sources */,
				21D5A46817251F77006F53BF /* ml_os.c in Sources */,
				21D5A46917251F77006F53BF /* ml_sprsheet.c in Sources */,
				21D5A46A17251F77006F53BF /* ml_states.c in Sources */,
				21D5A46B17251F77006F53BF /* ml_system.c in Sources */,
				21D5A46C17251F77006F53BF /* ml_utils.c in Sources */,
				21D5A46D17251F77006F53BF /* profiler.c in Sources */,
				21D5A4A417251FAD006F53BF /* bit.c in Sources */,
				21D5A4A517251FAD006F53BF /* lapi.c in Sources */,
				21D5A4A617251FAD006F53BF /* lauxlib.c in Sources */,
				21D5A4A717251FAD006F53BF /* lbaselib.c in Sources */,
				21D5A4A817251FAD006F53BF /* lcode.c in Sources */,
				21D5A4A917251FAD006F53BF /* ldblib.c in Sources */,
				21D5A4AA17251FAD006F53BF /* ldebug.c in Sources */,
				21D5A4AB17251FAD006F53BF /* ldo.c in Sources */,
				21D5A4AC17251FAD006F53BF /* ldump.c in Sources */,
				21D5A4AD17251FAD006F53BF /* lfunc.c in Sources */,
				21D5A4AE17251FAD006F53BF /* lgc.c in Sources */,
				21D5A4AF17251FAD006F53BF /* linit.c in Sources */,
				21D5A4B017251FAD006F53BF /* liolib.c in Sources */,
				21D5A4B117251FAD006F53BF /* llex.c in Sources */,
				21D5A4B217251FAD006F53BF /* lmathlib.c in Sources */,
				21D5A4B317251FAD006F53BF /* lmem.c in Sources */,
				21D5A4B417251FAD006F53BF /* loadlib.c in Sources */,
				21D5A4B517251FAD006F53BF /* lobject.c in Sources */,
				21D5A4B617251FAD006F53BF /* lopcodes.c in Sources */,
				21D5A4B717251FAD006F53BF /* loslib.c in Sources */,
				21D5A4B817251FAD006F53BF /* lparser.c in Sources */,
				21D5A4B917251FAD006F53BF /* lstate.c in Sources */,
				21D5A4BA17251FAD006F53BF /* lstring.c in Sources */,
				21D5A4BB17251FAD006F53BF /* lstrlib.c in Sources */,
				21D5A4BC17251FAD006F53BF /* ltable.c in Sources */,
				21D5A4BD17251FAD006F53BF /* ltablib.c in Sources */,
				21D5A4BE17251FAD006F53BF /* ltm.c in Sources */,
				21D5A4BF17251FAD006F53BF /* lundump.c in Sources */,
				21D5A4C017251FAD006F53BF /* lvm.c in Sources */,
				21D5A4C117251FAD006F53BF /* lzio.c in Sources */,
				21D5A4C217251FAD006F53BF /* print.c in Sources */,
				21D5A4CF17251FC8006F53BF /* rune.c in Sources */,
				21D5A4D017251FC8006F53BF /* runetype.c in Sources */,
				21D5A4D117251FC8006F53BF /* utfecpy.c in Sources */,
				21D5A4D217251FC8006F53BF /* utflen.c in Sources */,
				21D5A4D317251FC8006F53BF /* utfnlen.c in Sources */,
				21D5A4D417251FC8006F53BF /* utfrrune.c in Sources */,
				21D5A4D517251FC8006F53BF /* utfrune.c in Sources */,
				21D5A4D617251FC8006F53BF /* utfutf.c in Sources */,
				21D5A4D817251FD9006F53BF /* spalva.c in Sources */,
				21D5A50B17252217006F53BF /* ASIAuthenticationDialog.m in Sources */,
				21D5A50C17252217006F53BF /* ASIDataCompressor.m in Sources */,
				21D5A50D17252217006F53BF /* ASIDataDecompressor.m in Sources */,
				21D5A50E17252217006F53BF /* ASIDownloadCache.m in Sources */,
				21D5A50F17252217006F53BF /* ASIFormDataRequest.m in Sources */,
				21D5A51017252217006F53BF /* ASIHTTPRequest.m in Sources */,
				21D5A51117252217006F53BF /* ASIInputStream.m in Sources */,
				21D5A51217252217006F53BF /* ASINetworkQueue.m in Sources */,
				21D5A51317252217006F53BF /* Reachability.m in Sources */,
				21D5A51F17252311006F53BF /* miniz.c in Sources */,
			);
			runOnlyForDeploymentPostprocessing = 0;
		};
/* End PBXSourcesBuildPhase section */

/* Begin XCBuildConfiguration section */
		21D5A3BC17251E2E006F53BF /* Debug */ = {
			isa = XCBuildConfiguration;
			buildSettings = {
				ALWAYS_SEARCH_USER_PATHS = NO;
				CLANG_CXX_LANGUAGE_STANDARD = "gnu++0x";
				CLANG_CXX_LIBRARY = "libc++";
				CLANG_WARN_CONSTANT_CONVERSION = YES;
				CLANG_WARN_EMPTY_BODY = YES;
				CLANG_WARN_ENUM_CONVERSION = YES;
				CLANG_WARN_INT_CONVERSION = YES;
				CLANG_WARN__DUPLICATE_METHOD_MATCH = YES;
				"CODE_SIGN_IDENTITY[sdk=iphoneos*]" = "iPhone Developer";
				COPY_PHASE_STRIP = NO;
				GCC_C_LANGUAGE_STANDARD = gnu99;
				GCC_DYNAMIC_NO_PIC = NO;
				GCC_OPTIMIZATION_LEVEL = 0;
				GCC_PREPROCESSOR_DEFINITIONS = (
					_DEBUG,
					MACOSX_BUNDLE,
					TARGET_IOS,
					VFONT_STBTT,
					TRACK_MEMORY,
					"DEBUG=1",
					"$(inherited)",
				);
				GCC_SYMBOLS_PRIVATE_EXTERN = NO;
				GCC_WARN_ABOUT_RETURN_TYPE = YES;
				GCC_WARN_UNINITIALIZED_AUTOS = YES;
				GCC_WARN_UNUSED_VARIABLE = YES;
				IPHONEOS_DEPLOYMENT_TARGET = 6.1;
				ONLY_ACTIVE_ARCH = YES;
				SDKROOT = iphoneos;
			};
			name = Debug;
		};
		21D5A3BD17251E2E006F53BF /* Release */ = {
			isa = XCBuildConfiguration;
			buildSettings = {
				ALWAYS_SEARCH_USER_PATHS = NO;
				CLANG_CXX_LANGUAGE_STANDARD = "gnu++0x";
				CLANG_CXX_LIBRARY = "libc++";
				CLANG_WARN_CONSTANT_CONVERSION = YES;
				CLANG_WARN_EMPTY_BODY = YES;
				CLANG_WARN_ENUM_CONVERSION = YES;
				CLANG_WARN_INT_CONVERSION = YES;
				CLANG_WARN__DUPLICATE_METHOD_MATCH = YES;
				"CODE_SIGN_IDENTITY[sdk=iphoneos*]" = "iPhone Developer";
				COPY_PHASE_STRIP = YES;
				GCC_C_LANGUAGE_STANDARD = gnu99;
				GCC_PREPROCESSOR_DEFINITIONS = (
					NDEBUG,
					MACOSX_BUNDLE,
					TARGET_IOS,
					VFONT_STBTT,
				);
				GCC_WARN_ABOUT_RETURN_TYPE = YES;
				GCC_WARN_UNINITIALIZED_AUTOS = YES;
				GCC_WARN_UNUSED_VARIABLE = YES;
				IPHONEOS_DEPLOYMENT_TARGET = 6.1;
				OTHER_CFLAGS = "-DNS_BLOCK_ASSERTIONS=1";
				SDKROOT = iphoneos;
				VALIDATE_PRODUCT = YES;
			};
			name = Release;
		};
		21D5A3BF17251E2E006F53BF /* Debug */ = {
			isa = XCBuildConfiguration;
			buildSettings = {
				GCC_PRECOMPILE_PREFIX_HEADER = NO;
				GCC_PREFIX_HEADER = "";
				HEADER_SEARCH_PATHS = ../../../src;
				INFOPLIST_FILE = "spalva/spalva-Info.plist";
				PRODUCT_NAME = "$(TARGET_NAME)";
				WRAPPER_EXTENSION = app;
			};
			name = Debug;
		};
		21D5A3C017251E2E006F53BF /* Release */ = {
			isa = XCBuildConfiguration;
			buildSettings = {
				GCC_PRECOMPILE_PREFIX_HEADER = NO;
				GCC_PREFIX_HEADER = "";
				HEADER_SEARCH_PATHS = ../../../src;
				INFOPLIST_FILE = "spalva/spalva-Info.plist";
				PRODUCT_NAME = "$(TARGET_NAME)";
				WRAPPER_EXTENSION = app;
			};
			name = Release;
		};
/* End XCBuildConfiguration section */

/* Begin XCConfigurationList section */
		21D5A39C17251E2E006F53BF /* Build configuration list for PBXProject "spalva" */ = {
			isa = XCConfigurationList;
			buildConfigurations = (
				21D5A3BC17251E2E006F53BF /* Debug */,
				21D5A3BD17251E2E006F53BF /* Release */,
			);
			defaultConfigurationIsVisible = 0;
			defaultConfigurationName = Release;
		};
		21D5A3BE17251E2E006F53BF /* Build configuration list for PBXNativeTarget "spalva" */ = {
			isa = XCConfigurationList;
			buildConfigurations = (
				21D5A3BF17251E2E006F53BF /* Debug */,
				21D5A3C017251E2E006F53BF /* Release */,
			);
			defaultConfigurationIsVisible = 0;
			defaultConfigurationName = Release;
		};
/* End XCConfigurationList section */
	};
	rootObject = 21D5A39917251E2E006F53BF /* Project object */;
}
