// !$*UTF8*$!
{
	archiveVersion = 1;
	classes = {
	};
	objectVersion = 45;
	objects = {

/* Begin PBXBuildFile section */
		1D60589F0D05DD5A006BFB54 /* Foundation.framework in Frameworks */ = {isa = PBXBuildFile; fileRef = 1D30AB110D05D00D00671497 /* Foundation.framework */; };
		1DF5F4E00D08C38300B7A737 /* UIKit.framework in Frameworks */ = {isa = PBXBuildFile; fileRef = 1DF5F4DF0D08C38300B7A737 /* UIKit.framework */; };
		2166D1E9129290EE00DB92D8 /* OpenGLES.framework in Frameworks */ = {isa = PBXBuildFile; fileRef = 2166D1E8129290EE00DB92D8 /* OpenGLES.framework */; };
		2166D1F7129290FB00DB92D8 /* QuartzCore.framework in Frameworks */ = {isa = PBXBuildFile; fileRef = 2166D1F6129290FB00DB92D8 /* QuartzCore.framework */; };
		2166D20E1292915300DB92D8 /* ai.c in Sources */ = {isa = PBXBuildFile; fileRef = 2166D1FD1292915300DB92D8 /* ai.c */; };
		2166D20F1292915300DB92D8 /* arena.c in Sources */ = {isa = PBXBuildFile; fileRef = 2166D1FF1292915300DB92D8 /* arena.c */; };
		2166D2101292915300DB92D8 /* devmode.c in Sources */ = {isa = PBXBuildFile; fileRef = 2166D2011292915300DB92D8 /* devmode.c */; };
		2166D2111292915300DB92D8 /* game.c in Sources */ = {isa = PBXBuildFile; fileRef = 2166D2031292915300DB92D8 /* game.c */; };
		2166D2121292915300DB92D8 /* greed.c in Sources */ = {isa = PBXBuildFile; fileRef = 2166D2051292915300DB92D8 /* greed.c */; };
		2166D2131292915300DB92D8 /* gui_style.c in Sources */ = {isa = PBXBuildFile; fileRef = 2166D2061292915300DB92D8 /* gui_style.c */; };
		2166D2141292915300DB92D8 /* menus.c in Sources */ = {isa = PBXBuildFile; fileRef = 2166D2081292915300DB92D8 /* menus.c */; };
		2166D2151292915300DB92D8 /* physics.c in Sources */ = {isa = PBXBuildFile; fileRef = 2166D20A1292915300DB92D8 /* physics.c */; };
		2166D2161292915300DB92D8 /* sounds.c in Sources */ = {isa = PBXBuildFile; fileRef = 2166D20C1292915300DB92D8 /* sounds.c */; };
		2166D2341292917E00DB92D8 /* chipmunk.c in Sources */ = {isa = PBXBuildFile; fileRef = 2166D2191292917E00DB92D8 /* chipmunk.c */; };
		2166D2351292917E00DB92D8 /* cpArbiter.c in Sources */ = {isa = PBXBuildFile; fileRef = 2166D21B1292917E00DB92D8 /* cpArbiter.c */; };
		2166D2361292917E00DB92D8 /* cpArray.c in Sources */ = {isa = PBXBuildFile; fileRef = 2166D21D1292917E00DB92D8 /* cpArray.c */; };
		2166D2371292917E00DB92D8 /* cpBB.c in Sources */ = {isa = PBXBuildFile; fileRef = 2166D21F1292917E00DB92D8 /* cpBB.c */; };
		2166D2381292917E00DB92D8 /* cpBody.c in Sources */ = {isa = PBXBuildFile; fileRef = 2166D2211292917E00DB92D8 /* cpBody.c */; };
		2166D2391292917E00DB92D8 /* cpCollision.c in Sources */ = {isa = PBXBuildFile; fileRef = 2166D2231292917E00DB92D8 /* cpCollision.c */; };
		2166D23A1292917E00DB92D8 /* cpHashSet.c in Sources */ = {isa = PBXBuildFile; fileRef = 2166D2251292917E00DB92D8 /* cpHashSet.c */; };
		2166D23B1292917E00DB92D8 /* cpJoint.c in Sources */ = {isa = PBXBuildFile; fileRef = 2166D2271292917E00DB92D8 /* cpJoint.c */; };
		2166D23C1292917E00DB92D8 /* cpPolyShape.c in Sources */ = {isa = PBXBuildFile; fileRef = 2166D2291292917E00DB92D8 /* cpPolyShape.c */; };
		2166D23D1292917E00DB92D8 /* cpShape.c in Sources */ = {isa = PBXBuildFile; fileRef = 2166D22B1292917E00DB92D8 /* cpShape.c */; };
		2166D23E1292917E00DB92D8 /* cpSpace.c in Sources */ = {isa = PBXBuildFile; fileRef = 2166D22D1292917E00DB92D8 /* cpSpace.c */; };
		2166D23F1292917E00DB92D8 /* cpSpaceHash.c in Sources */ = {isa = PBXBuildFile; fileRef = 2166D22F1292917E00DB92D8 /* cpSpaceHash.c */; };
		2166D2401292917E00DB92D8 /* cpVect.c in Sources */ = {isa = PBXBuildFile; fileRef = 2166D2311292917E00DB92D8 /* cpVect.c */; };
		2166D24B1292923200DB92D8 /* libdgreed.a in Frameworks */ = {isa = PBXBuildFile; fileRef = 2166D24A129291D800DB92D8 /* libdgreed.a */; };
		2166D33F129292E000DB92D8 /* greed_assets in Resources */ = {isa = PBXBuildFile; fileRef = 2166D2FA129292E000DB92D8 /* greed_assets */; };
		2166D3F41292944300DB92D8 /* ai_precalc.c in Sources */ = {isa = PBXBuildFile; fileRef = 2166D3F21292944300DB92D8 /* ai_precalc.c */; };
		21FB367012A2F0F300CB19B1 /* AVFoundation.framework in Frameworks */ = {isa = PBXBuildFile; fileRef = 21FB366F12A2F0F200CB19B1 /* AVFoundation.framework */; };
		21FB367412A2F0FA00CB19B1 /* OpenAL.framework in Frameworks */ = {isa = PBXBuildFile; fileRef = 21FB367312A2F0FA00CB19B1 /* OpenAL.framework */; };
		21FB36AF12A2F70900CB19B1 /* CoreAudio.framework in Frameworks */ = {isa = PBXBuildFile; fileRef = 21FB36AE12A2F70900CB19B1 /* CoreAudio.framework */; };
		21FB36B312A2F71C00CB19B1 /* AudioToolbox.framework in Frameworks */ = {isa = PBXBuildFile; fileRef = 21FB36B212A2F71C00CB19B1 /* AudioToolbox.framework */; };
		288765FD0DF74451002DB57D /* CoreGraphics.framework in Frameworks */ = {isa = PBXBuildFile; fileRef = 288765FC0DF74451002DB57D /* CoreGraphics.framework */; };
/* End PBXBuildFile section */

/* Begin PBXContainerItemProxy section */
		2166D249129291D800DB92D8 /* PBXContainerItemProxy */ = {
			isa = PBXContainerItemProxy;
			containerPortal = 2166D242129291D700DB92D8 /* dgreed.xcodeproj */;
			proxyType = 2;
			remoteGlobalIDString = D2AAC07E0554694100DB518D;
			remoteInfo = dgreed;
		};
/* End PBXContainerItemProxy section */

/* Begin PBXFileReference section */
		1D30AB110D05D00D00671497 /* Foundation.framework */ = {isa = PBXFileReference; lastKnownFileType = wrapper.framework; name = Foundation.framework; path = System/Library/Frameworks/Foundation.framework; sourceTree = SDKROOT; };
		1D6058910D05DD3D006BFB54 /* greed.app */ = {isa = PBXFileReference; explicitFileType = wrapper.application; includeInIndex = 0; path = greed.app; sourceTree = BUILT_PRODUCTS_DIR; };
		1DF5F4DF0D08C38300B7A737 /* UIKit.framework */ = {isa = PBXFileReference; lastKnownFileType = wrapper.framework; name = UIKit.framework; path = System/Library/Frameworks/UIKit.framework; sourceTree = SDKROOT; };
		2166D1E8129290EE00DB92D8 /* OpenGLES.framework */ = {isa = PBXFileReference; lastKnownFileType = wrapper.framework; name = OpenGLES.framework; path = System/Library/Frameworks/OpenGLES.framework; sourceTree = SDKROOT; };
		2166D1F6129290FB00DB92D8 /* QuartzCore.framework */ = {isa = PBXFileReference; lastKnownFileType = wrapper.framework; name = QuartzCore.framework; path = System/Library/Frameworks/QuartzCore.framework; sourceTree = SDKROOT; };
		2166D1FD1292915300DB92D8 /* ai.c */ = {isa = PBXFileReference; fileEncoding = 4; lastKnownFileType = sourcecode.c.c; path = ai.c; sourceTree = "<group>"; };
		2166D1FE1292915300DB92D8 /* ai.h */ = {isa = PBXFileReference; fileEncoding = 4; lastKnownFileType = sourcecode.c.h; path = ai.h; sourceTree = "<group>"; };
		2166D1FF1292915300DB92D8 /* arena.c */ = {isa = PBXFileReference; fileEncoding = 4; lastKnownFileType = sourcecode.c.c; path = arena.c; sourceTree = "<group>"; };
		2166D2001292915300DB92D8 /* arena.h */ = {isa = PBXFileReference; fileEncoding = 4; lastKnownFileType = sourcecode.c.h; path = arena.h; sourceTree = "<group>"; };
		2166D2011292915300DB92D8 /* devmode.c */ = {isa = PBXFileReference; fileEncoding = 4; lastKnownFileType = sourcecode.c.c; path = devmode.c; sourceTree = "<group>"; };
		2166D2021292915300DB92D8 /* devmode.h */ = {isa = PBXFileReference; fileEncoding = 4; lastKnownFileType = sourcecode.c.h; path = devmode.h; sourceTree = "<group>"; };
		2166D2031292915300DB92D8 /* game.c */ = {isa = PBXFileReference; fileEncoding = 4; lastKnownFileType = sourcecode.c.c; path = game.c; sourceTree = "<group>"; };
		2166D2041292915300DB92D8 /* game.h */ = {isa = PBXFileReference; fileEncoding = 4; lastKnownFileType = sourcecode.c.h; path = game.h; sourceTree = "<group>"; };
		2166D2051292915300DB92D8 /* greed.c */ = {isa = PBXFileReference; fileEncoding = 4; lastKnownFileType = sourcecode.c.c; path = greed.c; sourceTree = "<group>"; };
		2166D2061292915300DB92D8 /* gui_style.c */ = {isa = PBXFileReference; fileEncoding = 4; lastKnownFileType = sourcecode.c.c; path = gui_style.c; sourceTree = "<group>"; };
		2166D2071292915300DB92D8 /* gui_style.h */ = {isa = PBXFileReference; fileEncoding = 4; lastKnownFileType = sourcecode.c.h; path = gui_style.h; sourceTree = "<group>"; };
		2166D2081292915300DB92D8 /* menus.c */ = {isa = PBXFileReference; fileEncoding = 4; lastKnownFileType = sourcecode.c.c; path = menus.c; sourceTree = "<group>"; };
		2166D2091292915300DB92D8 /* menus.h */ = {isa = PBXFileReference; fileEncoding = 4; lastKnownFileType = sourcecode.c.h; path = menus.h; sourceTree = "<group>"; };
		2166D20A1292915300DB92D8 /* physics.c */ = {isa = PBXFileReference; fileEncoding = 4; lastKnownFileType = sourcecode.c.c; path = physics.c; sourceTree = "<group>"; };
		2166D20B1292915300DB92D8 /* physics.h */ = {isa = PBXFileReference; fileEncoding = 4; lastKnownFileType = sourcecode.c.h; path = physics.h; sourceTree = "<group>"; };
		2166D20C1292915300DB92D8 /* sounds.c */ = {isa = PBXFileReference; fileEncoding = 4; lastKnownFileType = sourcecode.c.c; path = sounds.c; sourceTree = "<group>"; };
		2166D20D1292915300DB92D8 /* sounds.h */ = {isa = PBXFileReference; fileEncoding = 4; lastKnownFileType = sourcecode.c.h; path = sounds.h; sourceTree = "<group>"; };
		2166D2191292917E00DB92D8 /* chipmunk.c */ = {isa = PBXFileReference; fileEncoding = 4; lastKnownFileType = sourcecode.c.c; path = chipmunk.c; sourceTree = "<group>"; };
		2166D21A1292917E00DB92D8 /* chipmunk.h */ = {isa = PBXFileReference; fileEncoding = 4; lastKnownFileType = sourcecode.c.h; path = chipmunk.h; sourceTree = "<group>"; };
		2166D21B1292917E00DB92D8 /* cpArbiter.c */ = {isa = PBXFileReference; fileEncoding = 4; lastKnownFileType = sourcecode.c.c; path = cpArbiter.c; sourceTree = "<group>"; };
		2166D21C1292917E00DB92D8 /* cpArbiter.h */ = {isa = PBXFileReference; fileEncoding = 4; lastKnownFileType = sourcecode.c.h; path = cpArbiter.h; sourceTree = "<group>"; };
		2166D21D1292917E00DB92D8 /* cpArray.c */ = {isa = PBXFileReference; fileEncoding = 4; lastKnownFileType = sourcecode.c.c; path = cpArray.c; sourceTree = "<group>"; };
		2166D21E1292917E00DB92D8 /* cpArray.h */ = {isa = PBXFileReference; fileEncoding = 4; lastKnownFileType = sourcecode.c.h; path = cpArray.h; sourceTree = "<group>"; };
		2166D21F1292917E00DB92D8 /* cpBB.c */ = {isa = PBXFileReference; fileEncoding = 4; lastKnownFileType = sourcecode.c.c; path = cpBB.c; sourceTree = "<group>"; };
		2166D2201292917E00DB92D8 /* cpBB.h */ = {isa = PBXFileReference; fileEncoding = 4; lastKnownFileType = sourcecode.c.h; path = cpBB.h; sourceTree = "<group>"; };
		2166D2211292917E00DB92D8 /* cpBody.c */ = {isa = PBXFileReference; fileEncoding = 4; lastKnownFileType = sourcecode.c.c; path = cpBody.c; sourceTree = "<group>"; };
		2166D2221292917E00DB92D8 /* cpBody.h */ = {isa = PBXFileReference; fileEncoding = 4; lastKnownFileType = sourcecode.c.h; path = cpBody.h; sourceTree = "<group>"; };
		2166D2231292917E00DB92D8 /* cpCollision.c */ = {isa = PBXFileReference; fileEncoding = 4; lastKnownFileType = sourcecode.c.c; path = cpCollision.c; sourceTree = "<group>"; };
		2166D2241292917E00DB92D8 /* cpCollision.h */ = {isa = PBXFileReference; fileEncoding = 4; lastKnownFileType = sourcecode.c.h; path = cpCollision.h; sourceTree = "<group>"; };
		2166D2251292917E00DB92D8 /* cpHashSet.c */ = {isa = PBXFileReference; fileEncoding = 4; lastKnownFileType = sourcecode.c.c; path = cpHashSet.c; sourceTree = "<group>"; };
		2166D2261292917E00DB92D8 /* cpHashSet.h */ = {isa = PBXFileReference; fileEncoding = 4; lastKnownFileType = sourcecode.c.h; path = cpHashSet.h; sourceTree = "<group>"; };
		2166D2271292917E00DB92D8 /* cpJoint.c */ = {isa = PBXFileReference; fileEncoding = 4; lastKnownFileType = sourcecode.c.c; path = cpJoint.c; sourceTree = "<group>"; };
		2166D2281292917E00DB92D8 /* cpJoint.h */ = {isa = PBXFileReference; fileEncoding = 4; lastKnownFileType = sourcecode.c.h; path = cpJoint.h; sourceTree = "<group>"; };
		2166D2291292917E00DB92D8 /* cpPolyShape.c */ = {isa = PBXFileReference; fileEncoding = 4; lastKnownFileType = sourcecode.c.c; path = cpPolyShape.c; sourceTree = "<group>"; };
		2166D22A1292917E00DB92D8 /* cpPolyShape.h */ = {isa = PBXFileReference; fileEncoding = 4; lastKnownFileType = sourcecode.c.h; path = cpPolyShape.h; sourceTree = "<group>"; };
		2166D22B1292917E00DB92D8 /* cpShape.c */ = {isa = PBXFileReference; fileEncoding = 4; lastKnownFileType = sourcecode.c.c; path = cpShape.c; sourceTree = "<group>"; };
		2166D22C1292917E00DB92D8 /* cpShape.h */ = {isa = PBXFileReference; fileEncoding = 4; lastKnownFileType = sourcecode.c.h; path = cpShape.h; sourceTree = "<group>"; };
		2166D22D1292917E00DB92D8 /* cpSpace.c */ = {isa = PBXFileReference; fileEncoding = 4; lastKnownFileType = sourcecode.c.c; path = cpSpace.c; sourceTree = "<group>"; };
		2166D22E1292917E00DB92D8 /* cpSpace.h */ = {isa = PBXFileReference; fileEncoding = 4; lastKnownFileType = sourcecode.c.h; path = cpSpace.h; sourceTree = "<group>"; };
		2166D22F1292917E00DB92D8 /* cpSpaceHash.c */ = {isa = PBXFileReference; fileEncoding = 4; lastKnownFileType = sourcecode.c.c; path = cpSpaceHash.c; sourceTree = "<group>"; };
		2166D2301292917E00DB92D8 /* cpSpaceHash.h */ = {isa = PBXFileReference; fileEncoding = 4; lastKnownFileType = sourcecode.c.h; path = cpSpaceHash.h; sourceTree = "<group>"; };
		2166D2311292917E00DB92D8 /* cpVect.c */ = {isa = PBXFileReference; fileEncoding = 4; lastKnownFileType = sourcecode.c.c; path = cpVect.c; sourceTree = "<group>"; };
		2166D2321292917E00DB92D8 /* cpVect.h */ = {isa = PBXFileReference; fileEncoding = 4; lastKnownFileType = sourcecode.c.h; path = cpVect.h; sourceTree = "<group>"; };
		2166D2331292917E00DB92D8 /* prime.h */ = {isa = PBXFileReference; fileEncoding = 4; lastKnownFileType = sourcecode.c.h; path = prime.h; sourceTree = "<group>"; };
		2166D242129291D700DB92D8 /* dgreed.xcodeproj */ = {isa = PBXFileReference; lastKnownFileType = "wrapper.pb-project"; name = dgreed.xcodeproj; path = ../../src/xcode/dgreed.xcodeproj; sourceTree = SOURCE_ROOT; };
		2166D2FA129292E000DB92D8 /* greed_assets */ = {isa = PBXFileReference; lastKnownFileType = folder; name = greed_assets; path = ../../bin/greed_assets; sourceTree = SOURCE_ROOT; };
		2166D3F21292944300DB92D8 /* ai_precalc.c */ = {isa = PBXFileReference; fileEncoding = 4; lastKnownFileType = sourcecode.c.c; path = ai_precalc.c; sourceTree = "<group>"; };
		2166D3F31292944300DB92D8 /* ai_precalc.h */ = {isa = PBXFileReference; fileEncoding = 4; lastKnownFileType = sourcecode.c.h; path = ai_precalc.h; sourceTree = "<group>"; };
		21FB366F12A2F0F200CB19B1 /* AVFoundation.framework */ = {isa = PBXFileReference; lastKnownFileType = wrapper.framework; name = AVFoundation.framework; path = System/Library/Frameworks/AVFoundation.framework; sourceTree = SDKROOT; };
		21FB367312A2F0FA00CB19B1 /* OpenAL.framework */ = {isa = PBXFileReference; lastKnownFileType = wrapper.framework; name = OpenAL.framework; path = System/Library/Frameworks/OpenAL.framework; sourceTree = SDKROOT; };
		21FB36AE12A2F70900CB19B1 /* CoreAudio.framework */ = {isa = PBXFileReference; lastKnownFileType = wrapper.framework; name = CoreAudio.framework; path = System/Library/Frameworks/CoreAudio.framework; sourceTree = SDKROOT; };
		21FB36B212A2F71C00CB19B1 /* AudioToolbox.framework */ = {isa = PBXFileReference; lastKnownFileType = wrapper.framework; name = AudioToolbox.framework; path = System/Library/Frameworks/AudioToolbox.framework; sourceTree = SDKROOT; };
		288765FC0DF74451002DB57D /* CoreGraphics.framework */ = {isa = PBXFileReference; lastKnownFileType = wrapper.framework; name = CoreGraphics.framework; path = System/Library/Frameworks/CoreGraphics.framework; sourceTree = SDKROOT; };
		8D1107310486CEB800E47090 /* greed-Info.plist */ = {isa = PBXFileReference; fileEncoding = 4; lastKnownFileType = text.plist.xml; path = "greed-Info.plist"; plistStructureDefinitionIdentifier = "com.apple.xcode.plist.structure-definition.iphone.info-plist"; sourceTree = "<group>"; };
/* End PBXFileReference section */

/* Begin PBXFrameworksBuildPhase section */
		1D60588F0D05DD3D006BFB54 /* Frameworks */ = {
			isa = PBXFrameworksBuildPhase;
			buildActionMask = 2147483647;
			files = (
				2166D24B1292923200DB92D8 /* libdgreed.a in Frameworks */,
				1D60589F0D05DD5A006BFB54 /* Foundation.framework in Frameworks */,
				1DF5F4E00D08C38300B7A737 /* UIKit.framework in Frameworks */,
				288765FD0DF74451002DB57D /* CoreGraphics.framework in Frameworks */,
				2166D1E9129290EE00DB92D8 /* OpenGLES.framework in Frameworks */,
				2166D1F7129290FB00DB92D8 /* QuartzCore.framework in Frameworks */,
				21FB367012A2F0F300CB19B1 /* AVFoundation.framework in Frameworks */,
				21FB367412A2F0FA00CB19B1 /* OpenAL.framework in Frameworks */,
				21FB36AF12A2F70900CB19B1 /* CoreAudio.framework in Frameworks */,
				21FB36B312A2F71C00CB19B1 /* AudioToolbox.framework in Frameworks */,
			);
			runOnlyForDeploymentPostprocessing = 0;
		};
/* End PBXFrameworksBuildPhase section */

/* Begin PBXGroup section */
		19C28FACFE9D520D11CA2CBB /* Products */ = {
			isa = PBXGroup;
			children = (
				1D6058910D05DD3D006BFB54 /* greed.app */,
			);
			name = Products;
			sourceTree = "<group>";
		};
		2166D1FA1292910700DB92D8 /* src */ = {
			isa = PBXGroup;
			children = (
				2166D3F21292944300DB92D8 /* ai_precalc.c */,
				2166D3F31292944300DB92D8 /* ai_precalc.h */,
				2166D1FD1292915300DB92D8 /* ai.c */,
				2166D1FE1292915300DB92D8 /* ai.h */,
				2166D1FF1292915300DB92D8 /* arena.c */,
				2166D2001292915300DB92D8 /* arena.h */,
				2166D2011292915300DB92D8 /* devmode.c */,
				2166D2021292915300DB92D8 /* devmode.h */,
				2166D2031292915300DB92D8 /* game.c */,
				2166D2041292915300DB92D8 /* game.h */,
				2166D2051292915300DB92D8 /* greed.c */,
				2166D2061292915300DB92D8 /* gui_style.c */,
				2166D2071292915300DB92D8 /* gui_style.h */,
				2166D2081292915300DB92D8 /* menus.c */,
				2166D2091292915300DB92D8 /* menus.h */,
				2166D20A1292915300DB92D8 /* physics.c */,
				2166D20B1292915300DB92D8 /* physics.h */,
				2166D20C1292915300DB92D8 /* sounds.c */,
				2166D20D1292915300DB92D8 /* sounds.h */,
			);
			name = src;
			sourceTree = "<group>";
		};
		2166D2171292916700DB92D8 /* chipmunk */ = {
			isa = PBXGroup;
			children = (
				2166D2191292917E00DB92D8 /* chipmunk.c */,
				2166D21A1292917E00DB92D8 /* chipmunk.h */,
				2166D21B1292917E00DB92D8 /* cpArbiter.c */,
				2166D21C1292917E00DB92D8 /* cpArbiter.h */,
				2166D21D1292917E00DB92D8 /* cpArray.c */,
				2166D21E1292917E00DB92D8 /* cpArray.h */,
				2166D21F1292917E00DB92D8 /* cpBB.c */,
				2166D2201292917E00DB92D8 /* cpBB.h */,
				2166D2211292917E00DB92D8 /* cpBody.c */,
				2166D2221292917E00DB92D8 /* cpBody.h */,
				2166D2231292917E00DB92D8 /* cpCollision.c */,
				2166D2241292917E00DB92D8 /* cpCollision.h */,
				2166D2251292917E00DB92D8 /* cpHashSet.c */,
				2166D2261292917E00DB92D8 /* cpHashSet.h */,
				2166D2271292917E00DB92D8 /* cpJoint.c */,
				2166D2281292917E00DB92D8 /* cpJoint.h */,
				2166D2291292917E00DB92D8 /* cpPolyShape.c */,
				2166D22A1292917E00DB92D8 /* cpPolyShape.h */,
				2166D22B1292917E00DB92D8 /* cpShape.c */,
				2166D22C1292917E00DB92D8 /* cpShape.h */,
				2166D22D1292917E00DB92D8 /* cpSpace.c */,
				2166D22E1292917E00DB92D8 /* cpSpace.h */,
				2166D22F1292917E00DB92D8 /* cpSpaceHash.c */,
				2166D2301292917E00DB92D8 /* cpSpaceHash.h */,
				2166D2311292917E00DB92D8 /* cpVect.c */,
				2166D2321292917E00DB92D8 /* cpVect.h */,
				2166D2331292917E00DB92D8 /* prime.h */,
			);
			path = chipmunk;
			sourceTree = "<group>";
		};
		2166D243129291D700DB92D8 /* Products */ = {
			isa = PBXGroup;
			children = (
				2166D24A129291D800DB92D8 /* libdgreed.a */,
			);
			name = Products;
			sourceTree = "<group>";
		};
		29B97314FDCFA39411CA2CEA /* CustomTemplate */ = {
			isa = PBXGroup;
			children = (
				2166D242129291D700DB92D8 /* dgreed.xcodeproj */,
				2166D2171292916700DB92D8 /* chipmunk */,
				2166D1FA1292910700DB92D8 /* src */,
				29B97317FDCFA39411CA2CEA /* Resources */,
				29B97323FDCFA39411CA2CEA /* Frameworks */,
				19C28FACFE9D520D11CA2CBB /* Products */,
			);
			name = CustomTemplate;
			sourceTree = "<group>";
		};
		29B97317FDCFA39411CA2CEA /* Resources */ = {
			isa = PBXGroup;
			children = (
				2166D2FA129292E000DB92D8 /* greed_assets */,
				8D1107310486CEB800E47090 /* greed-Info.plist */,
			);
			name = Resources;
			sourceTree = "<group>";
		};
		29B97323FDCFA39411CA2CEA /* Frameworks */ = {
			isa = PBXGroup;
			children = (
				2166D1E8129290EE00DB92D8 /* OpenGLES.framework */,
				1DF5F4DF0D08C38300B7A737 /* UIKit.framework */,
				1D30AB110D05D00D00671497 /* Foundation.framework */,
				288765FC0DF74451002DB57D /* CoreGraphics.framework */,
				2166D1F6129290FB00DB92D8 /* QuartzCore.framework */,
				21FB366F12A2F0F200CB19B1 /* AVFoundation.framework */,
				21FB367312A2F0FA00CB19B1 /* OpenAL.framework */,
				21FB36AE12A2F70900CB19B1 /* CoreAudio.framework */,
				21FB36B212A2F71C00CB19B1 /* AudioToolbox.framework */,
			);
			name = Frameworks;
			sourceTree = "<group>";
		};
/* End PBXGroup section */

/* Begin PBXNativeTarget section */
		1D6058900D05DD3D006BFB54 /* greed */ = {
			isa = PBXNativeTarget;
			buildConfigurationList = 1D6058960D05DD3E006BFB54 /* Build configuration list for PBXNativeTarget "greed" */;
			buildPhases = (
				1D60588D0D05DD3D006BFB54 /* Resources */,
				1D60588E0D05DD3D006BFB54 /* Sources */,
				1D60588F0D05DD3D006BFB54 /* Frameworks */,
			);
			buildRules = (
			);
			dependencies = (
			);
			name = greed;
			productName = greed;
			productReference = 1D6058910D05DD3D006BFB54 /* greed.app */;
			productType = "com.apple.product-type.application";
		};
/* End PBXNativeTarget section */

/* Begin PBXProject section */
		29B97313FDCFA39411CA2CEA /* Project object */ = {
			isa = PBXProject;
			buildConfigurationList = C01FCF4E08A954540054247B /* Build configuration list for PBXProject "greed" */;
			compatibilityVersion = "Xcode 3.1";
			developmentRegion = English;
			hasScannedForEncodings = 1;
			knownRegions = (
				English,
				Japanese,
				French,
				German,
			);
			mainGroup = 29B97314FDCFA39411CA2CEA /* CustomTemplate */;
			projectDirPath = "";
			projectReferences = (
				{
					ProductGroup = 2166D243129291D700DB92D8 /* Products */;
					ProjectRef = 2166D242129291D700DB92D8 /* dgreed.xcodeproj */;
				},
			);
			projectRoot = "";
			targets = (
				1D6058900D05DD3D006BFB54 /* greed */,
			);
		};
/* End PBXProject section */

/* Begin PBXReferenceProxy section */
		2166D24A129291D800DB92D8 /* libdgreed.a */ = {
			isa = PBXReferenceProxy;
			fileType = archive.ar;
			path = libdgreed.a;
			remoteRef = 2166D249129291D800DB92D8 /* PBXContainerItemProxy */;
			sourceTree = BUILT_PRODUCTS_DIR;
		};
/* End PBXReferenceProxy section */

/* Begin PBXResourcesBuildPhase section */
		1D60588D0D05DD3D006BFB54 /* Resources */ = {
			isa = PBXResourcesBuildPhase;
			buildActionMask = 2147483647;
			files = (
				2166D33F129292E000DB92D8 /* greed_assets in Resources */,
			);
			runOnlyForDeploymentPostprocessing = 0;
		};
/* End PBXResourcesBuildPhase section */

/* Begin PBXSourcesBuildPhase section */
		1D60588E0D05DD3D006BFB54 /* Sources */ = {
			isa = PBXSourcesBuildPhase;
			buildActionMask = 2147483647;
			files = (
				2166D20E1292915300DB92D8 /* ai.c in Sources */,
				2166D20F1292915300DB92D8 /* arena.c in Sources */,
				2166D2101292915300DB92D8 /* devmode.c in Sources */,
				2166D2111292915300DB92D8 /* game.c in Sources */,
				2166D2121292915300DB92D8 /* greed.c in Sources */,
				2166D2131292915300DB92D8 /* gui_style.c in Sources */,
				2166D2141292915300DB92D8 /* menus.c in Sources */,
				2166D2151292915300DB92D8 /* physics.c in Sources */,
				2166D2161292915300DB92D8 /* sounds.c in Sources */,
				2166D2341292917E00DB92D8 /* chipmunk.c in Sources */,
				2166D2351292917E00DB92D8 /* cpArbiter.c in Sources */,
				2166D2361292917E00DB92D8 /* cpArray.c in Sources */,
				2166D2371292917E00DB92D8 /* cpBB.c in Sources */,
				2166D2381292917E00DB92D8 /* cpBody.c in Sources */,
				2166D2391292917E00DB92D8 /* cpCollision.c in Sources */,
				2166D23A1292917E00DB92D8 /* cpHashSet.c in Sources */,
				2166D23B1292917E00DB92D8 /* cpJoint.c in Sources */,
				2166D23C1292917E00DB92D8 /* cpPolyShape.c in Sources */,
				2166D23D1292917E00DB92D8 /* cpShape.c in Sources */,
				2166D23E1292917E00DB92D8 /* cpSpace.c in Sources */,
				2166D23F1292917E00DB92D8 /* cpSpaceHash.c in Sources */,
				2166D2401292917E00DB92D8 /* cpVect.c in Sources */,
				2166D3F41292944300DB92D8 /* ai_precalc.c in Sources */,
			);
			runOnlyForDeploymentPostprocessing = 0;
		};
/* End PBXSourcesBuildPhase section */

/* Begin XCBuildConfiguration section */
		1D6058940D05DD3E006BFB54 /* Debug */ = {
			isa = XCBuildConfiguration;
			buildSettings = {
				ALWAYS_SEARCH_USER_PATHS = NO;
				COPY_PHASE_STRIP = NO;
				GCC_DYNAMIC_NO_PIC = NO;
				GCC_OPTIMIZATION_LEVEL = 0;
				GCC_PRECOMPILE_PREFIX_HEADER = NO;
				GCC_PREFIX_HEADER = "";
				INFOPLIST_FILE = "greed-Info.plist";
				OTHER_LDFLAGS = (
					"-ObjC",
					"-all_load",
				);
				PRODUCT_NAME = greed;
			};
			name = Debug;
		};
		1D6058950D05DD3E006BFB54 /* Release */ = {
			isa = XCBuildConfiguration;
			buildSettings = {
				ALWAYS_SEARCH_USER_PATHS = NO;
				COPY_PHASE_STRIP = YES;
				GCC_PRECOMPILE_PREFIX_HEADER = NO;
				GCC_PREFIX_HEADER = "";
				INFOPLIST_FILE = "greed-Info.plist";
				OTHER_LDFLAGS = (
					"-ObjC",
					"-all_load",
				);
				PRODUCT_NAME = greed;
				VALIDATE_PRODUCT = YES;
			};
			name = Release;
		};
		C01FCF4F08A954540054247B /* Debug */ = {
			isa = XCBuildConfiguration;
			buildSettings = {
				ARCHS = "$(ARCHS_STANDARD_32_BIT)";
				"CODE_SIGN_IDENTITY[sdk=iphoneos*]" = "iPhone Developer";
				GCC_C_LANGUAGE_STANDARD = c99;
				GCC_THUMB_SUPPORT = NO;
				GCC_WARN_ABOUT_RETURN_TYPE = YES;
				GCC_WARN_UNUSED_VARIABLE = YES;
				HEADER_SEARCH_PATHS = ../../src;
				PREBINDING = NO;
				SDKROOT = iphoneos3.2;
				USER_HEADER_SEARCH_PATHS = ../../src;
			};
			name = Debug;
		};
		C01FCF5008A954540054247B /* Release */ = {
			isa = XCBuildConfiguration;
			buildSettings = {
				ARCHS = "$(ARCHS_STANDARD_32_BIT)";
				"CODE_SIGN_IDENTITY[sdk=iphoneos*]" = "iPhone Developer";
				GCC_C_LANGUAGE_STANDARD = c99;
				GCC_THUMB_SUPPORT = NO;
				GCC_WARN_ABOUT_RETURN_TYPE = YES;
				GCC_WARN_UNUSED_VARIABLE = YES;
				HEADER_SEARCH_PATHS = ../../src;
				OTHER_CFLAGS = "-DNS_BLOCK_ASSERTIONS=1";
				PREBINDING = NO;
				SDKROOT = iphoneos3.2;
				USER_HEADER_SEARCH_PATHS = ../../src;
			};
			name = Release;
		};
/* End XCBuildConfiguration section */

/* Begin XCConfigurationList section */
		1D6058960D05DD3E006BFB54 /* Build configuration list for PBXNativeTarget "greed" */ = {
			isa = XCConfigurationList;
			buildConfigurations = (
				1D6058940D05DD3E006BFB54 /* Debug */,
				1D6058950D05DD3E006BFB54 /* Release */,
			);
			defaultConfigurationIsVisible = 0;
			defaultConfigurationName = Release;
		};
		C01FCF4E08A954540054247B /* Build configuration list for PBXProject "greed" */ = {
			isa = XCConfigurationList;
			buildConfigurations = (
				C01FCF4F08A954540054247B /* Debug */,
				C01FCF5008A954540054247B /* Release */,
			);
			defaultConfigurationIsVisible = 0;
			defaultConfigurationName = Release;
		};
/* End XCConfigurationList section */
	};
	rootObject = 29B97313FDCFA39411CA2CEA /* Project object */;
}
